{
  "originHash" : "33d98573af4a57c591763c7c439b104cc6da2965ef836e6acfe8bd630e072600",
  "pins" : [
    {
      "identity" : "fscalendar",
      "kind" : "remoteSourceControl",
      "location" : "https://github.com/WenchaoD/FSCalendar",
      "state" : {
        "revision" : "0fbdec5172fccb90f707472eeaea4ffe095278f6",
        "version" : "2.8.4"
      }
    },
    {
      "identity" : "rusaint-ios",
      "kind" : "remoteSourceControl",
      "location" : "https://github.com/EATSTEAK/rusaint-ios",
      "state" : {
        "branch" : "main",
        "revision" : "0b1e89dd2a2aec39879df03dea5db709937dde6d"
      }
    },
    {
      "identity" : "snapkit",
      "kind" : "remoteSourceControl",
      "location" : "https://github.com/SnapKit/SnapKit",
      "state" : {
        "revision" : "2842e6e84e82eb9a8dac0100ca90d9444b0307f4",
        "version" : "5.7.1"
      }
    },
    {
      "identity" : "then",
      "kind" : "remoteSourceControl",
      "location" : "https://github.com/devxoul/Then",
      "state" : {
        "revision" : "d41ef523faef0f911369f79c0b96815d9dbb6d7a",
        "version" : "3.0.0"
      }
    },
    {
      "identity" : "univ_timetable",
      "kind" : "remoteSourceControl",
      "location" : "https://github.com/hye0njuoo/Univ_TimeTable",
      "state" : {
        "branch" : "main",
        "revision" : "cf505fcc1d2d76aa85629cbde5ef4f27cfb67068"
      }
    }
  ],
  "version" : 3
}
