// !$*UTF8*$!
{
	archiveVersion = 1;
	classes = {
	};
	objectVersion = 77;
	objects = {

/* Begin PBXBuildFile section */
		E512B1D22DEF5CE400C509BE /* TimeTableAPI.swift in Sources */ = {isa = PBXBuildFile; fileRef = E512B1D12DEF5CE400C509BE /* TimeTableAPI.swift */; };
		E512B1D42DEF5CF100C509BE /* TimeTableDTO.swift in Sources */ = {isa = PBXBuildFile; fileRef = E512B1D32DEF5CF100C509BE /* TimeTableDTO.swift */; };
		E512B1D62DEF60AE00C509BE /* PoolAPI.swift in Sources */ = {isa = PBXBuildFile; fileRef = E512B1D52DEF60AE00C509BE /* PoolAPI.swift */; };
		E512B1D82DEF60E500C509BE /* PoolDTO.swift in Sources */ = {isa = PBXBuildFile; fileRef = E512B1D72DEF60E500C509BE /* PoolDTO.swift */; };
		E512B1DC2DEF621500C509BE /* PoolCreateDataSource.swift in Sources */ = {isa = PBXBuildFile; fileRef = E512B1DB2DEF621500C509BE /* PoolCreateDataSource.swift */; };
		E512B1DE2DEF721500C509BE /* ScheduleDTO.swift in Sources */ = {isa = PBXBuildFile; fileRef = E512B1DD2DEF721500C509BE /* ScheduleDTO.swift */; };
		E512B1E02DEF726B00C509BE /* ScheduleAPI.swift in Sources */ = {isa = PBXBuildFile; fileRef = E512B1DF2DEF726B00C509BE /* ScheduleAPI.swift */; };
		E5270AFB2DCB147F000D12F2 /* AppDelegate.swift in Sources */ = {isa = PBXBuildFile; fileRef = E5270A8D2DCB147F000D12F2 /* AppDelegate.swift */; };
		E5270AFC2DCB147F000D12F2 /* SceneDelegate.swift in Sources */ = {isa = PBXBuildFile; fileRef = E5270A8E2DCB147F000D12F2 /* SceneDelegate.swift */; };
		E5270AFD2DCB147F000D12F2 /* UserDefault.swift in Sources */ = {isa = PBXBuildFile; fileRef = E5270A902DCB147F000D12F2 /* UserDefault.swift */; };
		E5270AFE2DCB147F000D12F2 /* UserDefaultHandler.swift in Sources */ = {isa = PBXBuildFile; fileRef = E5270A912DCB147F000D12F2 /* UserDefaultHandler.swift */; };
		E5270AFF2DCB147F000D12F2 /* AddPoolNameView.swift in Sources */ = {isa = PBXBuildFile; fileRef = E5270A952DCB147F000D12F2 /* AddPoolNameView.swift */; };
		E5270B002DCB147F000D12F2 /* CreatPoolView.swift in Sources */ = {isa = PBXBuildFile; fileRef = E5270A962DCB147F000D12F2 /* CreatPoolView.swift */; };
		E5270B012DCB147F000D12F2 /* DeadlineView.swift in Sources */ = {isa = PBXBuildFile; fileRef = E5270A972DCB147F000D12F2 /* DeadlineView.swift */; };
		E5270B022DCB147F000D12F2 /* FindPeopleView.swift in Sources */ = {isa = PBXBuildFile; fileRef = E5270A982DCB147F000D12F2 /* FindPeopleView.swift */; };
		E5270B032DCB147F000D12F2 /* SubjectView.swift in Sources */ = {isa = PBXBuildFile; fileRef = E5270A992DCB147F000D12F2 /* SubjectView.swift */; };
		E5270B042DCB147F000D12F2 /* AddPoolNameViewController.swift in Sources */ = {isa = PBXBuildFile; fileRef = E5270A9B2DCB147F000D12F2 /* AddPoolNameViewController.swift */; };
		E5270B052DCB147F000D12F2 /* CreatPoolViewController.swift in Sources */ = {isa = PBXBuildFile; fileRef = E5270A9C2DCB147F000D12F2 /* CreatPoolViewController.swift */; };
		E5270B062DCB147F000D12F2 /* DeadlineViewController.swift in Sources */ = {isa = PBXBuildFile; fileRef = E5270A9D2DCB147F000D12F2 /* DeadlineViewController.swift */; };
		E5270B072DCB147F000D12F2 /* FindPeopleViewController.swift in Sources */ = {isa = PBXBuildFile; fileRef = E5270A9E2DCB147F000D12F2 /* FindPeopleViewController.swift */; };
		E5270B082DCB147F000D12F2 /* SubjectViewController.swift in Sources */ = {isa = PBXBuildFile; fileRef = E5270A9F2DCB147F000D12F2 /* SubjectViewController.swift */; };
		E5270B092DCB147F000D12F2 /* CalendarDetailView.swift in Sources */ = {isa = PBXBuildFile; fileRef = E5270AA22DCB147F000D12F2 /* CalendarDetailView.swift */; };
		E5270B0A2DCB147F000D12F2 /* CalendarView.swift in Sources */ = {isa = PBXBuildFile; fileRef = E5270AA32DCB147F000D12F2 /* CalendarView.swift */; };
		E5270B0B2DCB147F000D12F2 /* CalendarDetailViewController.swift in Sources */ = {isa = PBXBuildFile; fileRef = E5270AA52DCB147F000D12F2 /* CalendarDetailViewController.swift */; };
		E5270B0C2DCB147F000D12F2 /* CalendarViewController.swift in Sources */ = {isa = PBXBuildFile; fileRef = E5270AA62DCB147F000D12F2 /* CalendarViewController.swift */; };
		E5270B0D2DCB147F000D12F2 /* HomeModel.swift in Sources */ = {isa = PBXBuildFile; fileRef = E5270AA92DCB147F000D12F2 /* HomeModel.swift */; };
		E5270B0E2DCB147F000D12F2 /* HomeCell.swift in Sources */ = {isa = PBXBuildFile; fileRef = E5270AAB2DCB147F000D12F2 /* HomeCell.swift */; };
		E5270B0F2DCB147F000D12F2 /* HomeView.swift in Sources */ = {isa = PBXBuildFile; fileRef = E5270AAD2DCB147F000D12F2 /* HomeView.swift */; };
		E5270B102DCB147F000D12F2 /* HomeViewController.swift in Sources */ = {isa = PBXBuildFile; fileRef = E5270AAF2DCB147F000D12F2 /* HomeViewController.swift */; };
		E5270B112DCB147F000D12F2 /* MyInfoModel.swift in Sources */ = {isa = PBXBuildFile; fileRef = E5270AB22DCB147F000D12F2 /* MyInfoModel.swift */; };
		E5270B122DCB147F000D12F2 /* MyPageModel.swift in Sources */ = {isa = PBXBuildFile; fileRef = E5270AB32DCB147F000D12F2 /* MyPageModel.swift */; };
		E5270B132DCB147F000D12F2 /* FriendManagementCell.swift in Sources */ = {isa = PBXBuildFile; fileRef = E5270AB52DCB147F000D12F2 /* FriendManagementCell.swift */; };
		E5270B142DCB147F000D12F2 /* LogoutCell.swift in Sources */ = {isa = PBXBuildFile; fileRef = E5270AB62DCB147F000D12F2 /* LogoutCell.swift */; };
		E5270B152DCB147F000D12F2 /* SettingTableViewCell.swift in Sources */ = {isa = PBXBuildFile; fileRef = E5270AB72DCB147F000D12F2 /* SettingTableViewCell.swift */; };
		E5270B162DCB147F000D12F2 /* WithdrawalCell.swift in Sources */ = {isa = PBXBuildFile; fileRef = E5270AB82DCB147F000D12F2 /* WithdrawalCell.swift */; };
		E5270B172DCB147F000D12F2 /* AccountManagementView.swift in Sources */ = {isa = PBXBuildFile; fileRef = E5270ABA2DCB147F000D12F2 /* AccountManagementView.swift */; };
		E5270B182DCB147F000D12F2 /* FriendManagementView.swift in Sources */ = {isa = PBXBuildFile; fileRef = E5270ABB2DCB147F000D12F2 /* FriendManagementView.swift */; };
		E5270B192DCB147F000D12F2 /* MyPageView.swift in Sources */ = {isa = PBXBuildFile; fileRef = E5270ABC2DCB147F000D12F2 /* MyPageView.swift */; };
		E5270B1A2DCB147F000D12F2 /* ScheduleManagementView.swift in Sources */ = {isa = PBXBuildFile; fileRef = E5270ABD2DCB147F000D12F2 /* ScheduleManagementView.swift */; };
		E5270B1B2DCB147F000D12F2 /* UserAgreementView.swift in Sources */ = {isa = PBXBuildFile; fileRef = E5270ABE2DCB147F000D12F2 /* UserAgreementView.swift */; };
		E5270B1C2DCB147F000D12F2 /* AccountManagementViewController.swift in Sources */ = {isa = PBXBuildFile; fileRef = E5270AC02DCB147F000D12F2 /* AccountManagementViewController.swift */; };
		E5270B1D2DCB147F000D12F2 /* FriendManagementViewController.swift in Sources */ = {isa = PBXBuildFile; fileRef = E5270AC12DCB147F000D12F2 /* FriendManagementViewController.swift */; };
		E5270B1E2DCB147F000D12F2 /* MyPageViewController.swift in Sources */ = {isa = PBXBuildFile; fileRef = E5270AC22DCB147F000D12F2 /* MyPageViewController.swift */; };
		E5270B1F2DCB147F000D12F2 /* ScheduleManagementViewController.swift in Sources */ = {isa = PBXBuildFile; fileRef = E5270AC32DCB147F000D12F2 /* ScheduleManagementViewController.swift */; };
		E5270B202DCB147F000D12F2 /* UserAgreementViewController.swift in Sources */ = {isa = PBXBuildFile; fileRef = E5270AC42DCB147F000D12F2 /* UserAgreementViewController.swift */; };
		E5270B212DCB147F000D12F2 /* SignInView.swift in Sources */ = {isa = PBXBuildFile; fileRef = E5270AC72DCB147F000D12F2 /* SignInView.swift */; };
		E5270B222DCB147F000D12F2 /* SignUpView.swift in Sources */ = {isa = PBXBuildFile; fileRef = E5270AC82DCB147F000D12F2 /* SignUpView.swift */; };
		E5270B232DCB147F000D12F2 /* SignInViewController.swift in Sources */ = {isa = PBXBuildFile; fileRef = E5270ACA2DCB147F000D12F2 /* SignInViewController.swift */; };
		E5270B242DCB147F000D12F2 /* SignUpViewController.swift in Sources */ = {isa = PBXBuildFile; fileRef = E5270ACB2DCB147F000D12F2 /* SignUpViewController.swift */; };
		E5270B252DCB147F000D12F2 /* TimeTableView.swift in Sources */ = {isa = PBXBuildFile; fileRef = E5270AD12DCB147F000D12F2 /* TimeTableView.swift */; };
		E5270B262DCB147F000D12F2 /* TimeTableViewController.swift in Sources */ = {isa = PBXBuildFile; fileRef = E5270AD32DCB147F000D12F2 /* TimeTableViewController.swift */; };
		E5270B272DCB147F000D12F2 /* PoolViewController.swift in Sources */ = {isa = PBXBuildFile; fileRef = E5270AD72DCB147F000D12F2 /* PoolViewController.swift */; };
		E5270B282DCB147F000D12F2 /* LectureModel.swift in Sources */ = {isa = PBXBuildFile; fileRef = E5270AD92DCB147F000D12F2 /* LectureModel.swift */; };
		E5270B292DCB147F000D12F2 /* StudentModel.swift in Sources */ = {isa = PBXBuildFile; fileRef = E5270ADA2DCB147F000D12F2 /* StudentModel.swift */; };
		E5270B2A2DCB147F000D12F2 /* UsaintLogInView.swift in Sources */ = {isa = PBXBuildFile; fileRef = E5270ADC2DCB147F000D12F2 /* UsaintLogInView.swift */; };
		E5270B2B2DCB147F000D12F2 /* UsaintLogInViewController.swift in Sources */ = {isa = PBXBuildFile; fileRef = E5270ADE2DCB147F000D12F2 /* UsaintLogInViewController.swift */; };
		E5270B2C2DCB147F000D12F2 /* UIColor+.swift in Sources */ = {isa = PBXBuildFile; fileRef = E5270AE22DCB147F000D12F2 /* UIColor+.swift */; };
		E5270B2D2DCB147F000D12F2 /* UIView+.swift in Sources */ = {isa = PBXBuildFile; fileRef = E5270AE32DCB147F000D12F2 /* UIView+.swift */; };
		E5270B2E2DCB147F000D12F2 /* UIWindow+.swift in Sources */ = {isa = PBXBuildFile; fileRef = E5270AE42DCB147F000D12F2 /* UIWindow+.swift */; };
		E5270B2F2DCB147F000D12F2 /* BaseAlertViewController.swift in Sources */ = {isa = PBXBuildFile; fileRef = E5270AE62DCB147F000D12F2 /* BaseAlertViewController.swift */; };
		E5270B302DCB147F000D12F2 /* BaseEmptyButton.swift in Sources */ = {isa = PBXBuildFile; fileRef = E5270AE72DCB147F000D12F2 /* BaseEmptyButton.swift */; };
		E5270B312DCB147F000D12F2 /* BaseFillButton.swift in Sources */ = {isa = PBXBuildFile; fileRef = E5270AE82DCB147F000D12F2 /* BaseFillButton.swift */; };
		E5270B322DCB147F000D12F2 /* BaseTabBarController.swift in Sources */ = {isa = PBXBuildFile; fileRef = E5270AE92DCB147F000D12F2 /* BaseTabBarController.swift */; };
		E5270B332DCB147F000D12F2 /* BaseTableViewCell.swift in Sources */ = {isa = PBXBuildFile; fileRef = E5270AEA2DCB147F000D12F2 /* BaseTableViewCell.swift */; };
		E5270B342DCB147F000D12F2 /* BaseTextField.swift in Sources */ = {isa = PBXBuildFile; fileRef = E5270AEB2DCB147F000D12F2 /* BaseTextField.swift */; };
		E5270B352DCB147F000D12F2 /* BaseUIView.swift in Sources */ = {isa = PBXBuildFile; fileRef = E5270AEC2DCB147F000D12F2 /* BaseUIView.swift */; };
		E5270B362DCB147F000D12F2 /* BaseUIViewController.swift in Sources */ = {isa = PBXBuildFile; fileRef = E5270AED2DCB147F000D12F2 /* BaseUIViewController.swift */; };
		E5270B372DCB147F000D12F2 /* ImageLiterals.swift in Sources */ = {isa = PBXBuildFile; fileRef = E5270AF12DCB147F000D12F2 /* ImageLiterals.swift */; };
		E5270B392DCB147F000D12F2 /* Assets.xcassets in Resources */ = {isa = PBXBuildFile; fileRef = E5270AF52DCB147F000D12F2 /* Assets.xcassets */; };
		E5270B3B2DCB147F000D12F2 /* LaunchScreen.storyboard in Resources */ = {isa = PBXBuildFile; fileRef = E5270AF92DCB147F000D12F2 /* LaunchScreen.storyboard */; };
		E5270B3D2DCB14BD000D12F2 /* TopTabBar.swift in Sources */ = {isa = PBXBuildFile; fileRef = E5270B3C2DCB14BD000D12F2 /* TopTabBar.swift */; };
		E5270B402DCB14EE000D12F2 /* Then in Frameworks */ = {isa = PBXBuildFile; productRef = E5270B3F2DCB14EE000D12F2 /* Then */; };
		E5270B442DCB1EA0000D12F2 /* PoolTimeTableViewController.swift in Sources */ = {isa = PBXBuildFile; fileRef = E5270B432DCB1EA0000D12F2 /* PoolTimeTableViewController.swift */; };
		E5270B462DCB1EB9000D12F2 /* PoolTimeTableView.swift in Sources */ = {isa = PBXBuildFile; fileRef = E5270B452DCB1EB9000D12F2 /* PoolTimeTableView.swift */; };
		E5270B6B2DCB208D000D12F2 /* PoolTimeTableModel.swift in Sources */ = {isa = PBXBuildFile; fileRef = E5270B6A2DCB208D000D12F2 /* PoolTimeTableModel.swift */; };
		E5270B702DCB267E000D12F2 /* PoolAvailableTimeViewController.swift in Sources */ = {isa = PBXBuildFile; fileRef = E5270B6F2DCB267E000D12F2 /* PoolAvailableTimeViewController.swift */; };
		E5270B722DCB2694000D12F2 /* PoolAvailableTimeView.swift in Sources */ = {isa = PBXBuildFile; fileRef = E5270B712DCB2694000D12F2 /* PoolAvailableTimeView.swift */; };
		E54CDAEF2DEEE6E300DCD48D /* APIResponse.swift in Sources */ = {isa = PBXBuildFile; fileRef = E54CDAEE2DEEE6E300DCD48D /* APIResponse.swift */; };
		E54CDAF92DEEEFF900DCD48D /* STTRecordModel.swift in Sources */ = {isa = PBXBuildFile; fileRef = E54CDAF82DEEEFF900DCD48D /* STTRecordModel.swift */; };
		E54CDAFB2DEEF01200DCD48D /* SpeechRecognizerManager.swift in Sources */ = {isa = PBXBuildFile; fileRef = E54CDAFA2DEEF01200DCD48D /* SpeechRecognizerManager.swift */; };
		E54CDAFD2DEF083100DCD48D /* MyPageAPI.swift in Sources */ = {isa = PBXBuildFile; fileRef = E54CDAFC2DEF083100DCD48D /* MyPageAPI.swift */; };
		E54CDAFF2DEF190F00DCD48D /* FriendsAPI.swift in Sources */ = {isa = PBXBuildFile; fileRef = E54CDAFE2DEF190F00DCD48D /* FriendsAPI.swift */; };
		E54CDB012DEF191D00DCD48D /* FriendsDTO.swift in Sources */ = {isa = PBXBuildFile; fileRef = E54CDB002DEF191D00DCD48D /* FriendsDTO.swift */; };
		E54CDB052DEF2DEE00DCD48D /* MyPageDTO.swift in Sources */ = {isa = PBXBuildFile; fileRef = E54CDB042DEF2DEE00DCD48D /* MyPageDTO.swift */; };
		E554C9912DD1A554002CF37B /* CalendarCell.swift in Sources */ = {isa = PBXBuildFile; fileRef = E554C98F2DD1A554002CF37B /* CalendarCell.swift */; };
		E554C9942DD1A566002CF37B /* CalendarModel.swift in Sources */ = {isa = PBXBuildFile; fileRef = E554C9922DD1A566002CF37B /* CalendarModel.swift */; };
		E55D9C292DE10815000FD099 /* BaseTargetType.swift in Sources */ = {isa = PBXBuildFile; fileRef = E55D9C1B2DE10815000FD099 /* BaseTargetType.swift */; };
		E55D9C2C2DE10815000FD099 /* NetworkResult.swift in Sources */ = {isa = PBXBuildFile; fileRef = E55D9C1C2DE10815000FD099 /* NetworkResult.swift */; };
		E55D9C2D2DE10815000FD099 /* AuthAPI.swift in Sources */ = {isa = PBXBuildFile; fileRef = E55D9C162DE10815000FD099 /* AuthAPI.swift */; };
		E55D9C2F2DE10815000FD099 /* MoyaLoggerPlugin.swift in Sources */ = {isa = PBXBuildFile; fileRef = E55D9C1F2DE10815000FD099 /* MoyaLoggerPlugin.swift */; };
		E55D9C312DE10815000FD099 /* GenericResponse.swift in Sources */ = {isa = PBXBuildFile; fileRef = E55D9C1D2DE10815000FD099 /* GenericResponse.swift */; };
		E55D9C322DE10815000FD099 /* AuthDTO.swift in Sources */ = {isa = PBXBuildFile; fileRef = E55D9C212DE10815000FD099 /* AuthDTO.swift */; };
		E55D9C352DE1084E000FD099 /* Moya in Frameworks */ = {isa = PBXBuildFile; productRef = E55D9C342DE1084E000FD099 /* Moya */; };
		E5D200002DF73C9E00586C28 /* AppConfig.swift in Sources */ = {isa = PBXBuildFile; fileRef = E5D2FFFF2DF73C9E00586C28 /* AppConfig.swift */; };
		E5D2FFFA2DF73B4E00586C28 /* SummaryAPI.swift in Sources */ = {isa = PBXBuildFile; fileRef = E5D2FFF92DF73B4E00586C28 /* SummaryAPI.swift */; };
		E5D2FFFC2DF73B5800586C28 /* SummaryDTO.swift in Sources */ = {isa = PBXBuildFile; fileRef = E5D2FFFB2DF73B5800586C28 /* SummaryDTO.swift */; };
		E5D2FFFE2DF73BE100586C28 /* Config.xcconfig in Resources */ = {isa = PBXBuildFile; fileRef = E5D2FFFD2DF73BE100586C28 /* Config.xcconfig */; };
		E5DFEFF42D9B92CF00EEE36A /* SnapKit in Frameworks */ = {isa = PBXBuildFile; productRef = E5DFEFF32D9B92CF00EEE36A /* SnapKit */; };
		E5DFF2B92D9C45E400EEE36A /* Rusaint in Frameworks */ = {isa = PBXBuildFile; productRef = E5DFF2B82D9C45E400EEE36A /* Rusaint */; };
		E5DFF3792D9C866100EEE36A /* FSCalendar in Frameworks */ = {isa = PBXBuildFile; productRef = E5DFF3782D9C866100EEE36A /* FSCalendar */; };
		E5DFF3962D9D18AF00EEE36A /* Univ_TimeTable in Frameworks */ = {isa = PBXBuildFile; productRef = E5DFF3952D9D18AF00EEE36A /* Univ_TimeTable */; };
		F959E51A2DEECCCC0050EF8B /* PoolCalendarAddViewController.swift in Sources */ = {isa = PBXBuildFile; fileRef = F959E5192DEECCCC0050EF8B /* PoolCalendarAddViewController.swift */; };
		F959E51C2DEECFA90050EF8B /* PoolCalendarAddView.swift in Sources */ = {isa = PBXBuildFile; fileRef = F959E51B2DEECFA10050EF8B /* PoolCalendarAddView.swift */; };
		F97358C02DE99F4B005775F6 /* PoolProceedingRecordViewController.swift in Sources */ = {isa = PBXBuildFile; fileRef = F97358BF2DE99F39005775F6 /* PoolProceedingRecordViewController.swift */; };
		F97358C22DE99F59005775F6 /* PoolProceedingRecordView.swift in Sources */ = {isa = PBXBuildFile; fileRef = F97358C12DE99F50005775F6 /* PoolProceedingRecordView.swift */; };
		F998A92E2DE3132500DB13D6 /* FindPeopleModel.swift in Sources */ = {isa = PBXBuildFile; fileRef = F998A92D2DE3132500DB13D6 /* FindPeopleModel.swift */; };
		F9D044522DE5A1A100FC34DC /* PoolCalendarCell.swift in Sources */ = {isa = PBXBuildFile; fileRef = F9D044512DE5A1A100FC34DC /* PoolCalendarCell.swift */; };
		F9D044542DE5A1A600FC34DC /* PoolCalendarDetailView.swift in Sources */ = {isa = PBXBuildFile; fileRef = F9D044532DE5A1A600FC34DC /* PoolCalendarDetailView.swift */; };
		F9D044562DE5A1BF00FC34DC /* PoolCalendarView.swift in Sources */ = {isa = PBXBuildFile; fileRef = F9D044552DE5A1BF00FC34DC /* PoolCalendarView.swift */; };
		F9D044582DE5A1C300FC34DC /* PoolCalendarDetailViewController.swift in Sources */ = {isa = PBXBuildFile; fileRef = F9D044572DE5A1C300FC34DC /* PoolCalendarDetailViewController.swift */; };
		F9D0445A2DE5A1C800FC34DC /* PoolCalendarViewController.swift in Sources */ = {isa = PBXBuildFile; fileRef = F9D044592DE5A1C800FC34DC /* PoolCalendarViewController.swift */; };
		F9D0445D2DE5A2B400FC34DC /* PoolCalendarModel.swift in Sources */ = {isa = PBXBuildFile; fileRef = F9D0445B2DE5A2B400FC34DC /* PoolCalendarModel.swift */; };
		F9D0446C2DE5A7A500FC34DC /* PoolProceedingView.swift in Sources */ = {isa = PBXBuildFile; fileRef = F9D044672DE5A7A500FC34DC /* PoolProceedingView.swift */; };
		F9D0446D2DE5A7A500FC34DC /* PoolProceedingViewController.swift in Sources */ = {isa = PBXBuildFile; fileRef = F9D044692DE5A7A500FC34DC /* PoolProceedingViewController.swift */; };
		F9D044782DE5A99C00FC34DC /* PoolProceedingModel.swift in Sources */ = {isa = PBXBuildFile; fileRef = F9D044762DE5A99C00FC34DC /* PoolProceedingModel.swift */; };
		F9D0447B2DE5A99F00FC34DC /* PoolProceedingCell.swift in Sources */ = {isa = PBXBuildFile; fileRef = F9D044792DE5A99F00FC34DC /* PoolProceedingCell.swift */; };
		F9D0447D2DE5AAEC00FC34DC /* PoolProceedingDetailView.swift in Sources */ = {isa = PBXBuildFile; fileRef = F9D0447C2DE5AAEC00FC34DC /* PoolProceedingDetailView.swift */; };
		F9D0447F2DE5AAF900FC34DC /* PoolProceedingDetailViewController.swift in Sources */ = {isa = PBXBuildFile; fileRef = F9D0447E2DE5AAF900FC34DC /* PoolProceedingDetailViewController.swift */; };
/* End PBXBuildFile section */

/* Begin PBXFileReference section */
		E512B1D12DEF5CE400C509BE /* TimeTableAPI.swift */ = {isa = PBXFileReference; lastKnownFileType = sourcecode.swift; path = TimeTableAPI.swift; sourceTree = "<group>"; };
		E512B1D32DEF5CF100C509BE /* TimeTableDTO.swift */ = {isa = PBXFileReference; lastKnownFileType = sourcecode.swift; path = TimeTableDTO.swift; sourceTree = "<group>"; };
		E512B1D52DEF60AE00C509BE /* PoolAPI.swift */ = {isa = PBXFileReference; lastKnownFileType = sourcecode.swift; path = PoolAPI.swift; sourceTree = "<group>"; };
		E512B1D72DEF60E500C509BE /* PoolDTO.swift */ = {isa = PBXFileReference; lastKnownFileType = sourcecode.swift; path = PoolDTO.swift; sourceTree = "<group>"; };
		E512B1DB2DEF621500C509BE /* PoolCreateDataSource.swift */ = {isa = PBXFileReference; lastKnownFileType = sourcecode.swift; path = PoolCreateDataSource.swift; sourceTree = "<group>"; };
		E512B1DD2DEF721500C509BE /* ScheduleDTO.swift */ = {isa = PBXFileReference; lastKnownFileType = sourcecode.swift; path = ScheduleDTO.swift; sourceTree = "<group>"; };
		E512B1DF2DEF726B00C509BE /* ScheduleAPI.swift */ = {isa = PBXFileReference; lastKnownFileType = sourcecode.swift; path = ScheduleAPI.swift; sourceTree = "<group>"; };
		E5270A8D2DCB147F000D12F2 /* AppDelegate.swift */ = {isa = PBXFileReference; lastKnownFileType = sourcecode.swift; path = AppDelegate.swift; sourceTree = "<group>"; };
		E5270A8E2DCB147F000D12F2 /* SceneDelegate.swift */ = {isa = PBXFileReference; lastKnownFileType = sourcecode.swift; path = SceneDelegate.swift; sourceTree = "<group>"; };
		E5270A902DCB147F000D12F2 /* UserDefault.swift */ = {isa = PBXFileReference; lastKnownFileType = sourcecode.swift; path = UserDefault.swift; sourceTree = "<group>"; };
		E5270A912DCB147F000D12F2 /* UserDefaultHandler.swift */ = {isa = PBXFileReference; lastKnownFileType = sourcecode.swift; path = UserDefaultHandler.swift; sourceTree = "<group>"; };
		E5270A952DCB147F000D12F2 /* AddPoolNameView.swift */ = {isa = PBXFileReference; lastKnownFileType = sourcecode.swift; path = AddPoolNameView.swift; sourceTree = "<group>"; };
		E5270A962DCB147F000D12F2 /* CreatPoolView.swift */ = {isa = PBXFileReference; lastKnownFileType = sourcecode.swift; path = CreatPoolView.swift; sourceTree = "<group>"; };
		E5270A972DCB147F000D12F2 /* DeadlineView.swift */ = {isa = PBXFileReference; lastKnownFileType = sourcecode.swift; path = DeadlineView.swift; sourceTree = "<group>"; };
		E5270A982DCB147F000D12F2 /* FindPeopleView.swift */ = {isa = PBXFileReference; lastKnownFileType = sourcecode.swift; path = FindPeopleView.swift; sourceTree = "<group>"; };
		E5270A992DCB147F000D12F2 /* SubjectView.swift */ = {isa = PBXFileReference; lastKnownFileType = sourcecode.swift; path = SubjectView.swift; sourceTree = "<group>"; };
		E5270A9B2DCB147F000D12F2 /* AddPoolNameViewController.swift */ = {isa = PBXFileReference; lastKnownFileType = sourcecode.swift; path = AddPoolNameViewController.swift; sourceTree = "<group>"; };
		E5270A9C2DCB147F000D12F2 /* CreatPoolViewController.swift */ = {isa = PBXFileReference; lastKnownFileType = sourcecode.swift; path = CreatPoolViewController.swift; sourceTree = "<group>"; };
		E5270A9D2DCB147F000D12F2 /* DeadlineViewController.swift */ = {isa = PBXFileReference; lastKnownFileType = sourcecode.swift; path = DeadlineViewController.swift; sourceTree = "<group>"; };
		E5270A9E2DCB147F000D12F2 /* FindPeopleViewController.swift */ = {isa = PBXFileReference; lastKnownFileType = sourcecode.swift; path = FindPeopleViewController.swift; sourceTree = "<group>"; };
		E5270A9F2DCB147F000D12F2 /* SubjectViewController.swift */ = {isa = PBXFileReference; lastKnownFileType = sourcecode.swift; path = SubjectViewController.swift; sourceTree = "<group>"; };
		E5270AA22DCB147F000D12F2 /* CalendarDetailView.swift */ = {isa = PBXFileReference; lastKnownFileType = sourcecode.swift; path = CalendarDetailView.swift; sourceTree = "<group>"; };
		E5270AA32DCB147F000D12F2 /* CalendarView.swift */ = {isa = PBXFileReference; lastKnownFileType = sourcecode.swift; path = CalendarView.swift; sourceTree = "<group>"; };
		E5270AA52DCB147F000D12F2 /* CalendarDetailViewController.swift */ = {isa = PBXFileReference; lastKnownFileType = sourcecode.swift; path = CalendarDetailViewController.swift; sourceTree = "<group>"; };
		E5270AA62DCB147F000D12F2 /* CalendarViewController.swift */ = {isa = PBXFileReference; lastKnownFileType = sourcecode.swift; path = CalendarViewController.swift; sourceTree = "<group>"; };
		E5270AA92DCB147F000D12F2 /* HomeModel.swift */ = {isa = PBXFileReference; lastKnownFileType = sourcecode.swift; path = HomeModel.swift; sourceTree = "<group>"; };
		E5270AAB2DCB147F000D12F2 /* HomeCell.swift */ = {isa = PBXFileReference; lastKnownFileType = sourcecode.swift; path = HomeCell.swift; sourceTree = "<group>"; };
		E5270AAD2DCB147F000D12F2 /* HomeView.swift */ = {isa = PBXFileReference; lastKnownFileType = sourcecode.swift; path = HomeView.swift; sourceTree = "<group>"; };
		E5270AAF2DCB147F000D12F2 /* HomeViewController.swift */ = {isa = PBXFileReference; lastKnownFileType = sourcecode.swift; path = HomeViewController.swift; sourceTree = "<group>"; };
		E5270AB22DCB147F000D12F2 /* MyInfoModel.swift */ = {isa = PBXFileReference; lastKnownFileType = sourcecode.swift; path = MyInfoModel.swift; sourceTree = "<group>"; };
		E5270AB32DCB147F000D12F2 /* MyPageModel.swift */ = {isa = PBXFileReference; lastKnownFileType = sourcecode.swift; path = MyPageModel.swift; sourceTree = "<group>"; };
		E5270AB52DCB147F000D12F2 /* FriendManagementCell.swift */ = {isa = PBXFileReference; lastKnownFileType = sourcecode.swift; path = FriendManagementCell.swift; sourceTree = "<group>"; };
		E5270AB62DCB147F000D12F2 /* LogoutCell.swift */ = {isa = PBXFileReference; lastKnownFileType = sourcecode.swift; path = LogoutCell.swift; sourceTree = "<group>"; };
		E5270AB72DCB147F000D12F2 /* SettingTableViewCell.swift */ = {isa = PBXFileReference; lastKnownFileType = sourcecode.swift; path = SettingTableViewCell.swift; sourceTree = "<group>"; };
		E5270AB82DCB147F000D12F2 /* WithdrawalCell.swift */ = {isa = PBXFileReference; lastKnownFileType = sourcecode.swift; path = WithdrawalCell.swift; sourceTree = "<group>"; };
		E5270ABA2DCB147F000D12F2 /* AccountManagementView.swift */ = {isa = PBXFileReference; lastKnownFileType = sourcecode.swift; path = AccountManagementView.swift; sourceTree = "<group>"; };
		E5270ABB2DCB147F000D12F2 /* FriendManagementView.swift */ = {isa = PBXFileReference; lastKnownFileType = sourcecode.swift; path = FriendManagementView.swift; sourceTree = "<group>"; };
		E5270ABC2DCB147F000D12F2 /* MyPageView.swift */ = {isa = PBXFileReference; lastKnownFileType = sourcecode.swift; path = MyPageView.swift; sourceTree = "<group>"; };
		E5270ABD2DCB147F000D12F2 /* ScheduleManagementView.swift */ = {isa = PBXFileReference; lastKnownFileType = sourcecode.swift; path = ScheduleManagementView.swift; sourceTree = "<group>"; };
		E5270ABE2DCB147F000D12F2 /* UserAgreementView.swift */ = {isa = PBXFileReference; lastKnownFileType = sourcecode.swift; path = UserAgreementView.swift; sourceTree = "<group>"; };
		E5270AC02DCB147F000D12F2 /* AccountManagementViewController.swift */ = {isa = PBXFileReference; lastKnownFileType = sourcecode.swift; path = AccountManagementViewController.swift; sourceTree = "<group>"; };
		E5270AC12DCB147F000D12F2 /* FriendManagementViewController.swift */ = {isa = PBXFileReference; lastKnownFileType = sourcecode.swift; path = FriendManagementViewController.swift; sourceTree = "<group>"; };
		E5270AC22DCB147F000D12F2 /* MyPageViewController.swift */ = {isa = PBXFileReference; lastKnownFileType = sourcecode.swift; path = MyPageViewController.swift; sourceTree = "<group>"; };
		E5270AC32DCB147F000D12F2 /* ScheduleManagementViewController.swift */ = {isa = PBXFileReference; lastKnownFileType = sourcecode.swift; path = ScheduleManagementViewController.swift; sourceTree = "<group>"; };
		E5270AC42DCB147F000D12F2 /* UserAgreementViewController.swift */ = {isa = PBXFileReference; lastKnownFileType = sourcecode.swift; path = UserAgreementViewController.swift; sourceTree = "<group>"; };
		E5270AC72DCB147F000D12F2 /* SignInView.swift */ = {isa = PBXFileReference; lastKnownFileType = sourcecode.swift; path = SignInView.swift; sourceTree = "<group>"; };
		E5270AC82DCB147F000D12F2 /* SignUpView.swift */ = {isa = PBXFileReference; lastKnownFileType = sourcecode.swift; path = SignUpView.swift; sourceTree = "<group>"; };
		E5270ACA2DCB147F000D12F2 /* SignInViewController.swift */ = {isa = PBXFileReference; lastKnownFileType = sourcecode.swift; path = SignInViewController.swift; sourceTree = "<group>"; };
		E5270ACB2DCB147F000D12F2 /* SignUpViewController.swift */ = {isa = PBXFileReference; lastKnownFileType = sourcecode.swift; path = SignUpViewController.swift; sourceTree = "<group>"; };
		E5270AD12DCB147F000D12F2 /* TimeTableView.swift */ = {isa = PBXFileReference; lastKnownFileType = sourcecode.swift; path = TimeTableView.swift; sourceTree = "<group>"; };
		E5270AD32DCB147F000D12F2 /* TimeTableViewController.swift */ = {isa = PBXFileReference; lastKnownFileType = sourcecode.swift; path = TimeTableViewController.swift; sourceTree = "<group>"; };
		E5270AD72DCB147F000D12F2 /* PoolViewController.swift */ = {isa = PBXFileReference; lastKnownFileType = sourcecode.swift; path = PoolViewController.swift; sourceTree = "<group>"; };
		E5270AD92DCB147F000D12F2 /* LectureModel.swift */ = {isa = PBXFileReference; lastKnownFileType = sourcecode.swift; path = LectureModel.swift; sourceTree = "<group>"; };
		E5270ADA2DCB147F000D12F2 /* StudentModel.swift */ = {isa = PBXFileReference; lastKnownFileType = sourcecode.swift; path = StudentModel.swift; sourceTree = "<group>"; };
		E5270ADC2DCB147F000D12F2 /* UsaintLogInView.swift */ = {isa = PBXFileReference; lastKnownFileType = sourcecode.swift; path = UsaintLogInView.swift; sourceTree = "<group>"; };
		E5270ADE2DCB147F000D12F2 /* UsaintLogInViewController.swift */ = {isa = PBXFileReference; lastKnownFileType = sourcecode.swift; path = UsaintLogInViewController.swift; sourceTree = "<group>"; };
		E5270AE22DCB147F000D12F2 /* UIColor+.swift */ = {isa = PBXFileReference; lastKnownFileType = sourcecode.swift; path = "UIColor+.swift"; sourceTree = "<group>"; };
		E5270AE32DCB147F000D12F2 /* UIView+.swift */ = {isa = PBXFileReference; lastKnownFileType = sourcecode.swift; path = "UIView+.swift"; sourceTree = "<group>"; };
		E5270AE42DCB147F000D12F2 /* UIWindow+.swift */ = {isa = PBXFileReference; lastKnownFileType = sourcecode.swift; path = "UIWindow+.swift"; sourceTree = "<group>"; };
		E5270AE62DCB147F000D12F2 /* BaseAlertViewController.swift */ = {isa = PBXFileReference; lastKnownFileType = sourcecode.swift; path = BaseAlertViewController.swift; sourceTree = "<group>"; };
		E5270AE72DCB147F000D12F2 /* BaseEmptyButton.swift */ = {isa = PBXFileReference; lastKnownFileType = sourcecode.swift; path = BaseEmptyButton.swift; sourceTree = "<group>"; };
		E5270AE82DCB147F000D12F2 /* BaseFillButton.swift */ = {isa = PBXFileReference; lastKnownFileType = sourcecode.swift; path = BaseFillButton.swift; sourceTree = "<group>"; };
		E5270AE92DCB147F000D12F2 /* BaseTabBarController.swift */ = {isa = PBXFileReference; lastKnownFileType = sourcecode.swift; path = BaseTabBarController.swift; sourceTree = "<group>"; };
		E5270AEA2DCB147F000D12F2 /* BaseTableViewCell.swift */ = {isa = PBXFileReference; lastKnownFileType = sourcecode.swift; path = BaseTableViewCell.swift; sourceTree = "<group>"; };
		E5270AEB2DCB147F000D12F2 /* BaseTextField.swift */ = {isa = PBXFileReference; lastKnownFileType = sourcecode.swift; path = BaseTextField.swift; sourceTree = "<group>"; };
		E5270AEC2DCB147F000D12F2 /* BaseUIView.swift */ = {isa = PBXFileReference; lastKnownFileType = sourcecode.swift; path = BaseUIView.swift; sourceTree = "<group>"; };
		E5270AED2DCB147F000D12F2 /* BaseUIViewController.swift */ = {isa = PBXFileReference; lastKnownFileType = sourcecode.swift; path = BaseUIViewController.swift; sourceTree = "<group>"; };
		E5270AF12DCB147F000D12F2 /* ImageLiterals.swift */ = {isa = PBXFileReference; lastKnownFileType = sourcecode.swift; path = ImageLiterals.swift; sourceTree = "<group>"; };
		E5270AF52DCB147F000D12F2 /* Assets.xcassets */ = {isa = PBXFileReference; lastKnownFileType = folder.assetcatalog; path = Assets.xcassets; sourceTree = "<group>"; };
		E5270AF72DCB147F000D12F2 /* Info.plist */ = {isa = PBXFileReference; lastKnownFileType = text.plist.xml; path = Info.plist; sourceTree = "<group>"; };
		E5270AF82DCB147F000D12F2 /* Base */ = {isa = PBXFileReference; lastKnownFileType = file.storyboard; name = Base; path = Base.lproj/LaunchScreen.storyboard; sourceTree = "<group>"; };
		E5270B3C2DCB14BD000D12F2 /* TopTabBar.swift */ = {isa = PBXFileReference; lastKnownFileType = sourcecode.swift; path = TopTabBar.swift; sourceTree = "<group>"; };
		E5270B432DCB1EA0000D12F2 /* PoolTimeTableViewController.swift */ = {isa = PBXFileReference; lastKnownFileType = sourcecode.swift; path = PoolTimeTableViewController.swift; sourceTree = "<group>"; };
		E5270B452DCB1EB9000D12F2 /* PoolTimeTableView.swift */ = {isa = PBXFileReference; lastKnownFileType = sourcecode.swift; path = PoolTimeTableView.swift; sourceTree = "<group>"; };
		E5270B6A2DCB208D000D12F2 /* PoolTimeTableModel.swift */ = {isa = PBXFileReference; lastKnownFileType = sourcecode.swift; path = PoolTimeTableModel.swift; sourceTree = "<group>"; };
		E5270B6F2DCB267E000D12F2 /* PoolAvailableTimeViewController.swift */ = {isa = PBXFileReference; lastKnownFileType = sourcecode.swift; path = PoolAvailableTimeViewController.swift; sourceTree = "<group>"; };
		E5270B712DCB2694000D12F2 /* PoolAvailableTimeView.swift */ = {isa = PBXFileReference; lastKnownFileType = sourcecode.swift; path = PoolAvailableTimeView.swift; sourceTree = "<group>"; };
		E52A16C42D93186100ABD739 /* TeamPool.app */ = {isa = PBXFileReference; explicitFileType = wrapper.application; includeInIndex = 0; path = TeamPool.app; sourceTree = BUILT_PRODUCTS_DIR; };
		E54CDAEE2DEEE6E300DCD48D /* APIResponse.swift */ = {isa = PBXFileReference; lastKnownFileType = sourcecode.swift; path = APIResponse.swift; sourceTree = "<group>"; };
		E54CDAF82DEEEFF900DCD48D /* STTRecordModel.swift */ = {isa = PBXFileReference; lastKnownFileType = sourcecode.swift; path = STTRecordModel.swift; sourceTree = "<group>"; };
		E54CDAFA2DEEF01200DCD48D /* SpeechRecognizerManager.swift */ = {isa = PBXFileReference; lastKnownFileType = sourcecode.swift; path = SpeechRecognizerManager.swift; sourceTree = "<group>"; };
		E54CDAFC2DEF083100DCD48D /* MyPageAPI.swift */ = {isa = PBXFileReference; lastKnownFileType = sourcecode.swift; path = MyPageAPI.swift; sourceTree = "<group>"; };
		E54CDAFE2DEF190F00DCD48D /* FriendsAPI.swift */ = {isa = PBXFileReference; lastKnownFileType = sourcecode.swift; path = FriendsAPI.swift; sourceTree = "<group>"; };
		E54CDB002DEF191D00DCD48D /* FriendsDTO.swift */ = {isa = PBXFileReference; lastKnownFileType = sourcecode.swift; path = FriendsDTO.swift; sourceTree = "<group>"; };
		E54CDB042DEF2DEE00DCD48D /* MyPageDTO.swift */ = {isa = PBXFileReference; lastKnownFileType = sourcecode.swift; path = MyPageDTO.swift; sourceTree = "<group>"; };
		E554C98F2DD1A554002CF37B /* CalendarCell.swift */ = {isa = PBXFileReference; lastKnownFileType = sourcecode.swift; path = CalendarCell.swift; sourceTree = "<group>"; };
		E554C9922DD1A566002CF37B /* CalendarModel.swift */ = {isa = PBXFileReference; lastKnownFileType = sourcecode.swift; path = CalendarModel.swift; sourceTree = "<group>"; };
		E55D9C162DE10815000FD099 /* AuthAPI.swift */ = {isa = PBXFileReference; lastKnownFileType = sourcecode.swift; path = AuthAPI.swift; sourceTree = "<group>"; };
		E55D9C1B2DE10815000FD099 /* BaseTargetType.swift */ = {isa = PBXFileReference; lastKnownFileType = sourcecode.swift; path = BaseTargetType.swift; sourceTree = "<group>"; };
		E55D9C1C2DE10815000FD099 /* NetworkResult.swift */ = {isa = PBXFileReference; lastKnownFileType = sourcecode.swift; path = NetworkResult.swift; sourceTree = "<group>"; };
		E55D9C1D2DE10815000FD099 /* GenericResponse.swift */ = {isa = PBXFileReference; lastKnownFileType = sourcecode.swift; path = GenericResponse.swift; sourceTree = "<group>"; };
		E55D9C1F2DE10815000FD099 /* MoyaLoggerPlugin.swift */ = {isa = PBXFileReference; lastKnownFileType = sourcecode.swift; path = MoyaLoggerPlugin.swift; sourceTree = "<group>"; };
		E55D9C212DE10815000FD099 /* AuthDTO.swift */ = {isa = PBXFileReference; lastKnownFileType = sourcecode.swift; path = AuthDTO.swift; sourceTree = "<group>"; };
		E5D2FFF92DF73B4E00586C28 /* SummaryAPI.swift */ = {isa = PBXFileReference; lastKnownFileType = sourcecode.swift; path = SummaryAPI.swift; sourceTree = "<group>"; };
		E5D2FFFB2DF73B5800586C28 /* SummaryDTO.swift */ = {isa = PBXFileReference; lastKnownFileType = sourcecode.swift; path = SummaryDTO.swift; sourceTree = "<group>"; };
		E5D2FFFD2DF73BE100586C28 /* Config.xcconfig */ = {isa = PBXFileReference; lastKnownFileType = text.xcconfig; path = Config.xcconfig; sourceTree = "<group>"; };
		E5D2FFFF2DF73C9E00586C28 /* AppConfig.swift */ = {isa = PBXFileReference; lastKnownFileType = sourcecode.swift; path = AppConfig.swift; sourceTree = "<group>"; };
		F959E5192DEECCCC0050EF8B /* PoolCalendarAddViewController.swift */ = {isa = PBXFileReference; lastKnownFileType = sourcecode.swift; path = PoolCalendarAddViewController.swift; sourceTree = "<group>"; };
		F959E51B2DEECFA10050EF8B /* PoolCalendarAddView.swift */ = {isa = PBXFileReference; lastKnownFileType = sourcecode.swift; path = PoolCalendarAddView.swift; sourceTree = "<group>"; };
		F97358BF2DE99F39005775F6 /* PoolProceedingRecordViewController.swift */ = {isa = PBXFileReference; lastKnownFileType = sourcecode.swift; path = PoolProceedingRecordViewController.swift; sourceTree = "<group>"; };
		F97358C12DE99F50005775F6 /* PoolProceedingRecordView.swift */ = {isa = PBXFileReference; lastKnownFileType = sourcecode.swift; path = PoolProceedingRecordView.swift; sourceTree = "<group>"; };
		F998A92D2DE3132500DB13D6 /* FindPeopleModel.swift */ = {isa = PBXFileReference; lastKnownFileType = sourcecode.swift; name = FindPeopleModel.swift; path = TeamPool/Feature/AddPool/FindPeopleModel.swift; sourceTree = SOURCE_ROOT; };
		F9D044512DE5A1A100FC34DC /* PoolCalendarCell.swift */ = {isa = PBXFileReference; lastKnownFileType = sourcecode.swift; path = PoolCalendarCell.swift; sourceTree = "<group>"; };
		F9D044532DE5A1A600FC34DC /* PoolCalendarDetailView.swift */ = {isa = PBXFileReference; lastKnownFileType = sourcecode.swift; path = PoolCalendarDetailView.swift; sourceTree = "<group>"; };
		F9D044552DE5A1BF00FC34DC /* PoolCalendarView.swift */ = {isa = PBXFileReference; lastKnownFileType = sourcecode.swift; path = PoolCalendarView.swift; sourceTree = "<group>"; };
		F9D044572DE5A1C300FC34DC /* PoolCalendarDetailViewController.swift */ = {isa = PBXFileReference; lastKnownFileType = sourcecode.swift; path = PoolCalendarDetailViewController.swift; sourceTree = "<group>"; };
		F9D044592DE5A1C800FC34DC /* PoolCalendarViewController.swift */ = {isa = PBXFileReference; lastKnownFileType = sourcecode.swift; path = PoolCalendarViewController.swift; sourceTree = "<group>"; };
		F9D0445B2DE5A2B400FC34DC /* PoolCalendarModel.swift */ = {isa = PBXFileReference; lastKnownFileType = sourcecode.swift; path = PoolCalendarModel.swift; sourceTree = "<group>"; };
		F9D044672DE5A7A500FC34DC /* PoolProceedingView.swift */ = {isa = PBXFileReference; lastKnownFileType = sourcecode.swift; path = PoolProceedingView.swift; sourceTree = "<group>"; };
		F9D044692DE5A7A500FC34DC /* PoolProceedingViewController.swift */ = {isa = PBXFileReference; lastKnownFileType = sourcecode.swift; path = PoolProceedingViewController.swift; sourceTree = "<group>"; };
		F9D044762DE5A99C00FC34DC /* PoolProceedingModel.swift */ = {isa = PBXFileReference; lastKnownFileType = sourcecode.swift; path = PoolProceedingModel.swift; sourceTree = "<group>"; };
		F9D044792DE5A99F00FC34DC /* PoolProceedingCell.swift */ = {isa = PBXFileReference; lastKnownFileType = sourcecode.swift; path = PoolProceedingCell.swift; sourceTree = "<group>"; };
		F9D0447C2DE5AAEC00FC34DC /* PoolProceedingDetailView.swift */ = {isa = PBXFileReference; lastKnownFileType = sourcecode.swift; path = PoolProceedingDetailView.swift; sourceTree = "<group>"; };
		F9D0447E2DE5AAF900FC34DC /* PoolProceedingDetailViewController.swift */ = {isa = PBXFileReference; lastKnownFileType = sourcecode.swift; path = PoolProceedingDetailViewController.swift; sourceTree = "<group>"; };
/* End PBXFileReference section */

/* Begin PBXFileSystemSynchronizedRootGroup section */
		F998A92A2DE311E400DB13D6 /* Cell */ = {
			isa = PBXFileSystemSynchronizedRootGroup;
			path = Cell;
			sourceTree = "<group>";
		};
/* End PBXFileSystemSynchronizedRootGroup section */

/* Begin PBXFrameworksBuildPhase section */
		E52A16C12D93186100ABD739 /* Frameworks */ = {
			isa = PBXFrameworksBuildPhase;
			buildActionMask = 2147483647;
			files = (
				E5270B402DCB14EE000D12F2 /* Then in Frameworks */,
				E5DFEFF42D9B92CF00EEE36A /* SnapKit in Frameworks */,
				E55D9C352DE1084E000FD099 /* Moya in Frameworks */,
				E5DFF3792D9C866100EEE36A /* FSCalendar in Frameworks */,
				E5DFF3962D9D18AF00EEE36A /* Univ_TimeTable in Frameworks */,
				E5DFF2B92D9C45E400EEE36A /* Rusaint in Frameworks */,
			);
			runOnlyForDeploymentPostprocessing = 0;
		};
/* End PBXFrameworksBuildPhase section */

/* Begin PBXGroup section */
		E512B1DA2DEF617E00C509BE /* Model */ = {
			isa = PBXGroup;
			children = (
				E512B1DB2DEF621500C509BE /* PoolCreateDataSource.swift */,
			);
			path = Model;
			sourceTree = "<group>";
		};
		E5270A8F2DCB147F000D12F2 /* Application */ = {
			isa = PBXGroup;
			children = (
				E5270A8D2DCB147F000D12F2 /* AppDelegate.swift */,
				E5270A8E2DCB147F000D12F2 /* SceneDelegate.swift */,
			);
			path = Application;
			sourceTree = "<group>";
		};
		E5270A922DCB147F000D12F2 /* UserDefault */ = {
			isa = PBXGroup;
			children = (
				E5270A902DCB147F000D12F2 /* UserDefault.swift */,
				E5270A912DCB147F000D12F2 /* UserDefaultHandler.swift */,
			);
			path = UserDefault;
			sourceTree = "<group>";
		};
		E5270A932DCB147F000D12F2 /* DataBase */ = {
			isa = PBXGroup;
			children = (
				E5270A922DCB147F000D12F2 /* UserDefault */,
			);
			path = DataBase;
			sourceTree = "<group>";
		};
		E5270A9A2DCB147F000D12F2 /* View */ = {
			isa = PBXGroup;
			children = (
				E5270A952DCB147F000D12F2 /* AddPoolNameView.swift */,
				E5270A962DCB147F000D12F2 /* CreatPoolView.swift */,
				E5270A972DCB147F000D12F2 /* DeadlineView.swift */,
				E5270A982DCB147F000D12F2 /* FindPeopleView.swift */,
				E5270A992DCB147F000D12F2 /* SubjectView.swift */,
				F998A92A2DE311E400DB13D6 /* Cell */,
			);
			path = View;
			sourceTree = "<group>";
		};
		E5270AA02DCB147F000D12F2 /* ViewController */ = {
			isa = PBXGroup;
			children = (
				E5270A9B2DCB147F000D12F2 /* AddPoolNameViewController.swift */,
				E5270A9C2DCB147F000D12F2 /* CreatPoolViewController.swift */,
				E5270A9D2DCB147F000D12F2 /* DeadlineViewController.swift */,
				E5270A9E2DCB147F000D12F2 /* FindPeopleViewController.swift */,
				E5270A9F2DCB147F000D12F2 /* SubjectViewController.swift */,
			);
			path = ViewController;
			sourceTree = "<group>";
		};
		E5270AA12DCB147F000D12F2 /* AddPool */ = {
			isa = PBXGroup;
			children = (
				E512B1DA2DEF617E00C509BE /* Model */,
				E5270A9A2DCB147F000D12F2 /* View */,
				E5270AA02DCB147F000D12F2 /* ViewController */,
			);
			path = AddPool;
			sourceTree = "<group>";
		};
		E5270AA42DCB147F000D12F2 /* View */ = {
			isa = PBXGroup;
			children = (
				E5270AA22DCB147F000D12F2 /* CalendarDetailView.swift */,
				E5270AA32DCB147F000D12F2 /* CalendarView.swift */,
			);
			path = View;
			sourceTree = "<group>";
		};
		E5270AA72DCB147F000D12F2 /* ViewController */ = {
			isa = PBXGroup;
			children = (
				E5270AA52DCB147F000D12F2 /* CalendarDetailViewController.swift */,
				E5270AA62DCB147F000D12F2 /* CalendarViewController.swift */,
			);
			path = ViewController;
			sourceTree = "<group>";
		};
		E5270AA82DCB147F000D12F2 /* Calendar */ = {
			isa = PBXGroup;
			children = (
				E554C9932DD1A566002CF37B /* Model */,
				E554C9902DD1A554002CF37B /* Cell */,
				E5270AA42DCB147F000D12F2 /* View */,
				E5270AA72DCB147F000D12F2 /* ViewController */,
			);
			path = Calendar;
			sourceTree = "<group>";
		};
		E5270AAA2DCB147F000D12F2 /* Model */ = {
			isa = PBXGroup;
			children = (
				E5270AA92DCB147F000D12F2 /* HomeModel.swift */,
			);
			path = Model;
			sourceTree = "<group>";
		};
		E5270AAC2DCB147F000D12F2 /* TableViewCell */ = {
			isa = PBXGroup;
			children = (
				E5270AAB2DCB147F000D12F2 /* HomeCell.swift */,
			);
			path = TableViewCell;
			sourceTree = "<group>";
		};
		E5270AAE2DCB147F000D12F2 /* View */ = {
			isa = PBXGroup;
			children = (
				E5270AAC2DCB147F000D12F2 /* TableViewCell */,
				E5270AAD2DCB147F000D12F2 /* HomeView.swift */,
			);
			path = View;
			sourceTree = "<group>";
		};
		E5270AB02DCB147F000D12F2 /* ViewController */ = {
			isa = PBXGroup;
			children = (
				E5270AAF2DCB147F000D12F2 /* HomeViewController.swift */,
			);
			path = ViewController;
			sourceTree = "<group>";
		};
		E5270AB12DCB147F000D12F2 /* Home */ = {
			isa = PBXGroup;
			children = (
				E5270AAA2DCB147F000D12F2 /* Model */,
				E5270AAE2DCB147F000D12F2 /* View */,
				E5270AB02DCB147F000D12F2 /* ViewController */,
			);
			path = Home;
			sourceTree = "<group>";
		};
		E5270AB42DCB147F000D12F2 /* Model */ = {
			isa = PBXGroup;
			children = (
				E5270AB22DCB147F000D12F2 /* MyInfoModel.swift */,
				E5270AB32DCB147F000D12F2 /* MyPageModel.swift */,
				F998A92D2DE3132500DB13D6 /* FindPeopleModel.swift */,
			);
			path = Model;
			sourceTree = "<group>";
		};
		E5270AB92DCB147F000D12F2 /* Cell */ = {
			isa = PBXGroup;
			children = (
				E5270AB52DCB147F000D12F2 /* FriendManagementCell.swift */,
				E5270AB62DCB147F000D12F2 /* LogoutCell.swift */,
				E5270AB72DCB147F000D12F2 /* SettingTableViewCell.swift */,
				E5270AB82DCB147F000D12F2 /* WithdrawalCell.swift */,
			);
			path = Cell;
			sourceTree = "<group>";
		};
		E5270ABF2DCB147F000D12F2 /* View */ = {
			isa = PBXGroup;
			children = (
				E5270AB92DCB147F000D12F2 /* Cell */,
				E5270ABA2DCB147F000D12F2 /* AccountManagementView.swift */,
				E5270ABB2DCB147F000D12F2 /* FriendManagementView.swift */,
				E5270ABC2DCB147F000D12F2 /* MyPageView.swift */,
				E5270ABD2DCB147F000D12F2 /* ScheduleManagementView.swift */,
				E5270ABE2DCB147F000D12F2 /* UserAgreementView.swift */,
			);
			path = View;
			sourceTree = "<group>";
		};
		E5270AC52DCB147F000D12F2 /* ViewController */ = {
			isa = PBXGroup;
			children = (
				E5270AC02DCB147F000D12F2 /* AccountManagementViewController.swift */,
				E5270AC12DCB147F000D12F2 /* FriendManagementViewController.swift */,
				E5270AC22DCB147F000D12F2 /* MyPageViewController.swift */,
				E5270AC32DCB147F000D12F2 /* ScheduleManagementViewController.swift */,
				E5270AC42DCB147F000D12F2 /* UserAgreementViewController.swift */,
			);
			path = ViewController;
			sourceTree = "<group>";
		};
		E5270AC62DCB147F000D12F2 /* MyPage */ = {
			isa = PBXGroup;
			children = (
				E5270AB42DCB147F000D12F2 /* Model */,
				E5270ABF2DCB147F000D12F2 /* View */,
				E5270AC52DCB147F000D12F2 /* ViewController */,
			);
			path = MyPage;
			sourceTree = "<group>";
		};
		E5270AC92DCB147F000D12F2 /* View */ = {
			isa = PBXGroup;
			children = (
				E5270AC72DCB147F000D12F2 /* SignInView.swift */,
				E5270AC82DCB147F000D12F2 /* SignUpView.swift */,
			);
			path = View;
			sourceTree = "<group>";
		};
		E5270ACC2DCB147F000D12F2 /* ViewController */ = {
			isa = PBXGroup;
			children = (
				E5270ACA2DCB147F000D12F2 /* SignInViewController.swift */,
				E5270ACB2DCB147F000D12F2 /* SignUpViewController.swift */,
			);
			path = ViewController;
			sourceTree = "<group>";
		};
		E5270ACD2DCB147F000D12F2 /* OnBoarding */ = {
			isa = PBXGroup;
			children = (
				E5270AC92DCB147F000D12F2 /* View */,
				E5270ACC2DCB147F000D12F2 /* ViewController */,
			);
			path = OnBoarding;
			sourceTree = "<group>";
		};
		E5270AD22DCB147F000D12F2 /* View */ = {
			isa = PBXGroup;
			children = (
				E5270AD12DCB147F000D12F2 /* TimeTableView.swift */,
			);
			path = View;
			sourceTree = "<group>";
		};
		E5270AD42DCB147F000D12F2 /* ViewController */ = {
			isa = PBXGroup;
			children = (
				E5270AD32DCB147F000D12F2 /* TimeTableViewController.swift */,
			);
			path = ViewController;
			sourceTree = "<group>";
		};
		E5270AD52DCB147F000D12F2 /* TimeTableView */ = {
			isa = PBXGroup;
			children = (
				E5270AD42DCB147F000D12F2 /* ViewController */,
				E5270AD22DCB147F000D12F2 /* View */,
			);
			path = TimeTableView;
			sourceTree = "<group>";
		};
		E5270AD62DCB147F000D12F2 /* PoolTimeTable */ = {
			isa = PBXGroup;
			children = (
				E5270B412DCB1E74000D12F2 /* ViewController */,
				E5270B422DCB1E82000D12F2 /* View */,
				E5270B692DCB2078000D12F2 /* Model */,
			);
			path = PoolTimeTable;
			sourceTree = "<group>";
		};
		E5270AD82DCB147F000D12F2 /* Pool */ = {
			isa = PBXGroup;
			children = (
				E5270AD72DCB147F000D12F2 /* PoolViewController.swift */,
				F9D0446B2DE5A7A500FC34DC /* PoolProceeding */,
				F9D0444E2DE5A12900FC34DC /* PoolCalendar */,
				E5270AD62DCB147F000D12F2 /* PoolTimeTable */,
			);
			path = Pool;
			sourceTree = "<group>";
		};
		E5270ADB2DCB147F000D12F2 /* Model */ = {
			isa = PBXGroup;
			children = (
				E5270AD92DCB147F000D12F2 /* LectureModel.swift */,
				E5270ADA2DCB147F000D12F2 /* StudentModel.swift */,
			);
			path = Model;
			sourceTree = "<group>";
		};
		E5270ADD2DCB147F000D12F2 /* View */ = {
			isa = PBXGroup;
			children = (
				E5270ADC2DCB147F000D12F2 /* UsaintLogInView.swift */,
			);
			path = View;
			sourceTree = "<group>";
		};
		E5270ADF2DCB147F000D12F2 /* ViewController */ = {
			isa = PBXGroup;
			children = (
				E5270ADE2DCB147F000D12F2 /* UsaintLogInViewController.swift */,
			);
			path = ViewController;
			sourceTree = "<group>";
		};
		E5270AE02DCB147F000D12F2 /* UsaintLogInView */ = {
			isa = PBXGroup;
			children = (
				E5270ADB2DCB147F000D12F2 /* Model */,
				E5270ADD2DCB147F000D12F2 /* View */,
				E5270ADF2DCB147F000D12F2 /* ViewController */,
			);
			path = UsaintLogInView;
			sourceTree = "<group>";
		};
		E5270AE12DCB147F000D12F2 /* Feature */ = {
			isa = PBXGroup;
			children = (
				E5270AA12DCB147F000D12F2 /* AddPool */,
				E5270AA82DCB147F000D12F2 /* Calendar */,
				E5270AB12DCB147F000D12F2 /* Home */,
				E5270AC62DCB147F000D12F2 /* MyPage */,
				E5270ACD2DCB147F000D12F2 /* OnBoarding */,
				E5270AD82DCB147F000D12F2 /* Pool */,
				E5270AE02DCB147F000D12F2 /* UsaintLogInView */,
				E5270AD52DCB147F000D12F2 /* TimeTableView */,
			);
			path = Feature;
			sourceTree = "<group>";
		};
		E5270AE52DCB147F000D12F2 /* Extension */ = {
			isa = PBXGroup;
			children = (
				E5270AE22DCB147F000D12F2 /* UIColor+.swift */,
				E5270AE32DCB147F000D12F2 /* UIView+.swift */,
				E5270AE42DCB147F000D12F2 /* UIWindow+.swift */,
			);
			path = Extension;
			sourceTree = "<group>";
		};
		E5270AEE2DCB147F000D12F2 /* Base */ = {
			isa = PBXGroup;
			children = (
				E5270AE52DCB147F000D12F2 /* Extension */,
				E5270AE62DCB147F000D12F2 /* BaseAlertViewController.swift */,
				E5270AE72DCB147F000D12F2 /* BaseEmptyButton.swift */,
				E5270AE82DCB147F000D12F2 /* BaseFillButton.swift */,
				E5270AE92DCB147F000D12F2 /* BaseTabBarController.swift */,
				E5270AEA2DCB147F000D12F2 /* BaseTableViewCell.swift */,
				E5270AEB2DCB147F000D12F2 /* BaseTextField.swift */,
				E5270AEC2DCB147F000D12F2 /* BaseUIView.swift */,
				E5270AED2DCB147F000D12F2 /* BaseUIViewController.swift */,
			);
			path = Base;
			sourceTree = "<group>";
		};
		E5270AF02DCB147F000D12F2 /* Component */ = {
			isa = PBXGroup;
			children = (
				E5270B3C2DCB14BD000D12F2 /* TopTabBar.swift */,
			);
			path = Component;
			sourceTree = "<group>";
		};
		E5270AF22DCB147F000D12F2 /* Global */ = {
			isa = PBXGroup;
			children = (
				E5270AEE2DCB147F000D12F2 /* Base */,
				E5270AF02DCB147F000D12F2 /* Component */,
				E5270AF12DCB147F000D12F2 /* ImageLiterals.swift */,
			);
			path = Global;
			sourceTree = "<group>";
		};
		E5270AF62DCB147F000D12F2 /* Resource */ = {
			isa = PBXGroup;
			children = (
				E5270AF52DCB147F000D12F2 /* Assets.xcassets */,
			);
			path = Resource;
			sourceTree = "<group>";
		};
		E5270AFA2DCB147F000D12F2 /* TeamPool */ = {
			isa = PBXGroup;
			children = (
				E55D9C262DE10815000FD099 /* Network */,
				E5270A8F2DCB147F000D12F2 /* Application */,
				E5270A932DCB147F000D12F2 /* DataBase */,
				E5270AE12DCB147F000D12F2 /* Feature */,
				E5270AF22DCB147F000D12F2 /* Global */,
				E5270AF62DCB147F000D12F2 /* Resource */,
				E5270AF72DCB147F000D12F2 /* Info.plist */,
				E5270AF92DCB147F000D12F2 /* LaunchScreen.storyboard */,
				E5D2FFFD2DF73BE100586C28 /* Config.xcconfig */,
				E5D2FFFF2DF73C9E00586C28 /* AppConfig.swift */,
			);
			path = TeamPool;
			sourceTree = "<group>";
		};
		E5270B412DCB1E74000D12F2 /* ViewController */ = {
			isa = PBXGroup;
			children = (
				E5270B432DCB1EA0000D12F2 /* PoolTimeTableViewController.swift */,
				E5270B6F2DCB267E000D12F2 /* PoolAvailableTimeViewController.swift */,
			);
			path = ViewController;
			sourceTree = "<group>";
		};
		E5270B422DCB1E82000D12F2 /* View */ = {
			isa = PBXGroup;
			children = (
				E5270B452DCB1EB9000D12F2 /* PoolTimeTableView.swift */,
				E5270B712DCB2694000D12F2 /* PoolAvailableTimeView.swift */,
			);
			path = View;
			sourceTree = "<group>";
		};
		E5270B692DCB2078000D12F2 /* Model */ = {
			isa = PBXGroup;
			children = (
				E5270B6A2DCB208D000D12F2 /* PoolTimeTableModel.swift */,
			);
			path = Model;
			sourceTree = "<group>";
		};
		E52A16BB2D93186100ABD739 = {
			isa = PBXGroup;
			children = (
				E5270AFA2DCB147F000D12F2 /* TeamPool */,
				E52A16C52D93186100ABD739 /* Products */,
			);
			sourceTree = "<group>";
		};
		E52A16C52D93186100ABD739 /* Products */ = {
			isa = PBXGroup;
			children = (
				E52A16C42D93186100ABD739 /* TeamPool.app */,
			);
			name = Products;
			sourceTree = "<group>";
		};
		E554C9902DD1A554002CF37B /* Cell */ = {
			isa = PBXGroup;
			children = (
				E554C98F2DD1A554002CF37B /* CalendarCell.swift */,
			);
			path = Cell;
			sourceTree = "<group>";
		};
		E554C9932DD1A566002CF37B /* Model */ = {
			isa = PBXGroup;
			children = (
				E554C9922DD1A566002CF37B /* CalendarModel.swift */,
			);
			path = Model;
			sourceTree = "<group>";
		};
		E55D9C1A2DE10815000FD099 /* API */ = {
			isa = PBXGroup;
			children = (
				E55D9C162DE10815000FD099 /* AuthAPI.swift */,
				E54CDAFC2DEF083100DCD48D /* MyPageAPI.swift */,
				E54CDAFE2DEF190F00DCD48D /* FriendsAPI.swift */,
				E512B1D12DEF5CE400C509BE /* TimeTableAPI.swift */,
				E512B1D52DEF60AE00C509BE /* PoolAPI.swift */,
				E512B1DF2DEF726B00C509BE /* ScheduleAPI.swift */,
				E5D2FFF92DF73B4E00586C28 /* SummaryAPI.swift */,
			);
			path = API;
			sourceTree = "<group>";
		};
		E55D9C1E2DE10815000FD099 /* Foundation */ = {
			isa = PBXGroup;
			children = (
				E55D9C1B2DE10815000FD099 /* BaseTargetType.swift */,
				E55D9C1C2DE10815000FD099 /* NetworkResult.swift */,
				E55D9C1D2DE10815000FD099 /* GenericResponse.swift */,
				E54CDAEE2DEEE6E300DCD48D /* APIResponse.swift */,
			);
			path = Foundation;
			sourceTree = "<group>";
		};
		E55D9C202DE10815000FD099 /* Common */ = {
			isa = PBXGroup;
			children = (
				E55D9C1E2DE10815000FD099 /* Foundation */,
				E55D9C1F2DE10815000FD099 /* MoyaLoggerPlugin.swift */,
			);
			path = Common;
			sourceTree = "<group>";
		};
		E55D9C252DE10815000FD099 /* DTO */ = {
			isa = PBXGroup;
			children = (
				E55D9C212DE10815000FD099 /* AuthDTO.swift */,
				E54CDB002DEF191D00DCD48D /* FriendsDTO.swift */,
				E54CDB042DEF2DEE00DCD48D /* MyPageDTO.swift */,
				E512B1D32DEF5CF100C509BE /* TimeTableDTO.swift */,
				E512B1D72DEF60E500C509BE /* PoolDTO.swift */,
				E512B1DD2DEF721500C509BE /* ScheduleDTO.swift */,
				E5D2FFFB2DF73B5800586C28 /* SummaryDTO.swift */,
			);
			path = DTO;
			sourceTree = "<group>";
		};
		E55D9C262DE10815000FD099 /* Network */ = {
			isa = PBXGroup;
			children = (
				E55D9C1A2DE10815000FD099 /* API */,
				E55D9C202DE10815000FD099 /* Common */,
				E55D9C252DE10815000FD099 /* DTO */,
			);
			path = Network;
			sourceTree = "<group>";
		};
		F9D0444C2DE5A12900FC34DC /* View */ = {
			isa = PBXGroup;
			children = (
				F959E51B2DEECFA10050EF8B /* PoolCalendarAddView.swift */,
				F9D044552DE5A1BF00FC34DC /* PoolCalendarView.swift */,
				F9D044532DE5A1A600FC34DC /* PoolCalendarDetailView.swift */,
			);
			path = View;
			sourceTree = "<group>";
		};
		F9D0444D2DE5A12900FC34DC /* ViewController */ = {
			isa = PBXGroup;
			children = (
				F9D044592DE5A1C800FC34DC /* PoolCalendarViewController.swift */,
				F9D044572DE5A1C300FC34DC /* PoolCalendarDetailViewController.swift */,
				F959E5192DEECCCC0050EF8B /* PoolCalendarAddViewController.swift */,
			);
			path = ViewController;
			sourceTree = "<group>";
		};
		F9D0444E2DE5A12900FC34DC /* PoolCalendar */ = {
			isa = PBXGroup;
			children = (
				F9D0445C2DE5A2B400FC34DC /* Model */,
				F9D044502DE5A19C00FC34DC /* Cell */,
				F9D0444C2DE5A12900FC34DC /* View */,
				F9D0444D2DE5A12900FC34DC /* ViewController */,
			);
			path = PoolCalendar;
			sourceTree = "<group>";
		};
		F9D044502DE5A19C00FC34DC /* Cell */ = {
			isa = PBXGroup;
			children = (
				F9D044512DE5A1A100FC34DC /* PoolCalendarCell.swift */,
			);
			path = Cell;
			sourceTree = "<group>";
		};
		F9D0445C2DE5A2B400FC34DC /* Model */ = {
			isa = PBXGroup;
			children = (
				F9D0445B2DE5A2B400FC34DC /* PoolCalendarModel.swift */,
			);
			path = Model;
			sourceTree = "<group>";
		};
		F9D044682DE5A7A500FC34DC /* View */ = {
			isa = PBXGroup;
			children = (
				F97358C12DE99F50005775F6 /* PoolProceedingRecordView.swift */,
				F9D044672DE5A7A500FC34DC /* PoolProceedingView.swift */,
				F9D0447C2DE5AAEC00FC34DC /* PoolProceedingDetailView.swift */,
			);
			path = View;
			sourceTree = "<group>";
		};
		F9D0446A2DE5A7A500FC34DC /* ViewController */ = {
			isa = PBXGroup;
			children = (
				F97358BF2DE99F39005775F6 /* PoolProceedingRecordViewController.swift */,
				F9D044692DE5A7A500FC34DC /* PoolProceedingViewController.swift */,
				F9D0447E2DE5AAF900FC34DC /* PoolProceedingDetailViewController.swift */,
			);
			path = ViewController;
			sourceTree = "<group>";
		};
		F9D0446B2DE5A7A500FC34DC /* PoolProceeding */ = {
			isa = PBXGroup;
			children = (
				F9D0447A2DE5A99F00FC34DC /* Cell */,
				F9D044772DE5A99C00FC34DC /* Model */,
				F9D044682DE5A7A500FC34DC /* View */,
				F9D0446A2DE5A7A500FC34DC /* ViewController */,
				E54CDAFA2DEEF01200DCD48D /* SpeechRecognizerManager.swift */,
			);
			path = PoolProceeding;
			sourceTree = "<group>";
		};
		F9D044772DE5A99C00FC34DC /* Model */ = {
			isa = PBXGroup;
			children = (
				F9D044762DE5A99C00FC34DC /* PoolProceedingModel.swift */,
				E54CDAF82DEEEFF900DCD48D /* STTRecordModel.swift */,
			);
			path = Model;
			sourceTree = "<group>";
		};
		F9D0447A2DE5A99F00FC34DC /* Cell */ = {
			isa = PBXGroup;
			children = (
				F9D044792DE5A99F00FC34DC /* PoolProceedingCell.swift */,
			);
			path = Cell;
			sourceTree = "<group>";
		};
/* End PBXGroup section */

/* Begin PBXNativeTarget section */
		E52A16C32D93186100ABD739 /* TeamPool */ = {
			isa = PBXNativeTarget;
			buildConfigurationList = E52A16D72D93186300ABD739 /* Build configuration list for PBXNativeTarget "TeamPool" */;
			buildPhases = (
				E52A16C02D93186100ABD739 /* Sources */,
				E52A16C12D93186100ABD739 /* Frameworks */,
				E52A16C22D93186100ABD739 /* Resources */,
			);
			buildRules = (
			);
			dependencies = (
			);
			fileSystemSynchronizedGroups = (
				F998A92A2DE311E400DB13D6 /* Cell */,
			);
			name = TeamPool;
			packageProductDependencies = (
				E5DFEFF32D9B92CF00EEE36A /* SnapKit */,
				E5DFF2B82D9C45E400EEE36A /* Rusaint */,
				E5DFF3782D9C866100EEE36A /* FSCalendar */,
				E5DFF3952D9D18AF00EEE36A /* Univ_TimeTable */,
				E5270B3F2DCB14EE000D12F2 /* Then */,
				E55D9C342DE1084E000FD099 /* Moya */,
			);
			productName = TeamPool;
			productReference = E52A16C42D93186100ABD739 /* TeamPool.app */;
			productType = "com.apple.product-type.application";
		};
/* End PBXNativeTarget section */

/* Begin PBXProject section */
		E52A16BC2D93186100ABD739 /* Project object */ = {
			isa = PBXProject;
			attributes = {
				BuildIndependentTargetsInParallel = 1;
				LastSwiftUpdateCheck = 1620;
				LastUpgradeCheck = 1620;
				TargetAttributes = {
					E52A16C32D93186100ABD739 = {
						CreatedOnToolsVersion = 16.2;
					};
				};
			};
			buildConfigurationList = E52A16BF2D93186100ABD739 /* Build configuration list for PBXProject "TeamPool" */;
			developmentRegion = en;
			hasScannedForEncodings = 0;
			knownRegions = (
				en,
				Base,
			);
			mainGroup = E52A16BB2D93186100ABD739;
			minimizedProjectReferenceProxies = 1;
			packageReferences = (
				E5DFEFF22D9B92CF00EEE36A /* XCRemoteSwiftPackageReference "SnapKit" */,
				E5DFF2B72D9C45E400EEE36A /* XCRemoteSwiftPackageReference "rusaint-ios" */,
				E5DFF3772D9C866100EEE36A /* XCRemoteSwiftPackageReference "FSCalendar" */,
				E5DFF3942D9D18AF00EEE36A /* XCRemoteSwiftPackageReference "Univ_TimeTable" */,
				E5270B3E2DCB14EE000D12F2 /* XCRemoteSwiftPackageReference "Then" */,
				E55D9C332DE1084E000FD099 /* XCRemoteSwiftPackageReference "Moya" */,
			);
			preferredProjectObjectVersion = 77;
			productRefGroup = E52A16C52D93186100ABD739 /* Products */;
			projectDirPath = "";
			projectRoot = "";
			targets = (
				E52A16C32D93186100ABD739 /* TeamPool */,
			);
		};
/* End PBXProject section */

/* Begin PBXResourcesBuildPhase section */
		E52A16C22D93186100ABD739 /* Resources */ = {
			isa = PBXResourcesBuildPhase;
			buildActionMask = 2147483647;
			files = (
				E5270B392DCB147F000D12F2 /* Assets.xcassets in Resources */,
				E5D2FFFE2DF73BE100586C28 /* Config.xcconfig in Resources */,
				E5270B3B2DCB147F000D12F2 /* LaunchScreen.storyboard in Resources */,
			);
			runOnlyForDeploymentPostprocessing = 0;
		};
/* End PBXResourcesBuildPhase section */

/* Begin PBXSourcesBuildPhase section */
		E52A16C02D93186100ABD739 /* Sources */ = {
			isa = PBXSourcesBuildPhase;
			buildActionMask = 2147483647;
			files = (
				E5270AFB2DCB147F000D12F2 /* AppDelegate.swift in Sources */,
				F9D0447F2DE5AAF900FC34DC /* PoolProceedingDetailViewController.swift in Sources */,
				E554C9912DD1A554002CF37B /* CalendarCell.swift in Sources */,
				E5270AFC2DCB147F000D12F2 /* SceneDelegate.swift in Sources */,
				F959E51A2DEECCCC0050EF8B /* PoolCalendarAddViewController.swift in Sources */,
				E5270AFD2DCB147F000D12F2 /* UserDefault.swift in Sources */,
				E512B1D22DEF5CE400C509BE /* TimeTableAPI.swift in Sources */,
				E512B1E02DEF726B00C509BE /* ScheduleAPI.swift in Sources */,
				E5270AFE2DCB147F000D12F2 /* UserDefaultHandler.swift in Sources */,
				F959E51C2DEECFA90050EF8B /* PoolCalendarAddView.swift in Sources */,
				E512B1D42DEF5CF100C509BE /* TimeTableDTO.swift in Sources */,
				E5270AFF2DCB147F000D12F2 /* AddPoolNameView.swift in Sources */,
				E5270B002DCB147F000D12F2 /* CreatPoolView.swift in Sources */,
				F9D044522DE5A1A100FC34DC /* PoolCalendarCell.swift in Sources */,
				E5270B012DCB147F000D12F2 /* DeadlineView.swift in Sources */,
				E5270B022DCB147F000D12F2 /* FindPeopleView.swift in Sources */,
				E5270B032DCB147F000D12F2 /* SubjectView.swift in Sources */,
				E5270B042DCB147F000D12F2 /* AddPoolNameViewController.swift in Sources */,
				F97358C02DE99F4B005775F6 /* PoolProceedingRecordViewController.swift in Sources */,
				E5270B052DCB147F000D12F2 /* CreatPoolViewController.swift in Sources */,
				E5270B6B2DCB208D000D12F2 /* PoolTimeTableModel.swift in Sources */,
				F9D0447B2DE5A99F00FC34DC /* PoolProceedingCell.swift in Sources */,
				E5270B062DCB147F000D12F2 /* DeadlineViewController.swift in Sources */,
				E5270B072DCB147F000D12F2 /* FindPeopleViewController.swift in Sources */,
				E5270B082DCB147F000D12F2 /* SubjectViewController.swift in Sources */,
				E512B1DC2DEF621500C509BE /* PoolCreateDataSource.swift in Sources */,
				E5270B092DCB147F000D12F2 /* CalendarDetailView.swift in Sources */,
				E5270B462DCB1EB9000D12F2 /* PoolTimeTableView.swift in Sources */,
				E5270B0A2DCB147F000D12F2 /* CalendarView.swift in Sources */,
				E512B1D62DEF60AE00C509BE /* PoolAPI.swift in Sources */,
				E5270B0B2DCB147F000D12F2 /* CalendarDetailViewController.swift in Sources */,
				E55D9C292DE10815000FD099 /* BaseTargetType.swift in Sources */,
				E55D9C2C2DE10815000FD099 /* NetworkResult.swift in Sources */,
				E55D9C2D2DE10815000FD099 /* AuthAPI.swift in Sources */,
				E54CDAFF2DEF190F00DCD48D /* FriendsAPI.swift in Sources */,
				E55D9C2F2DE10815000FD099 /* MoyaLoggerPlugin.swift in Sources */,
				E55D9C312DE10815000FD099 /* GenericResponse.swift in Sources */,
				E55D9C322DE10815000FD099 /* AuthDTO.swift in Sources */,
				E5270B0C2DCB147F000D12F2 /* CalendarViewController.swift in Sources */,
				F9D0446C2DE5A7A500FC34DC /* PoolProceedingView.swift in Sources */,
				F9D0446D2DE5A7A500FC34DC /* PoolProceedingViewController.swift in Sources */,
				E554C9942DD1A566002CF37B /* CalendarModel.swift in Sources */,
				E5270B0D2DCB147F000D12F2 /* HomeModel.swift in Sources */,
				E5270B0E2DCB147F000D12F2 /* HomeCell.swift in Sources */,
				E5270B0F2DCB147F000D12F2 /* HomeView.swift in Sources */,
				E5270B102DCB147F000D12F2 /* HomeViewController.swift in Sources */,
				E5270B112DCB147F000D12F2 /* MyInfoModel.swift in Sources */,
				E5270B122DCB147F000D12F2 /* MyPageModel.swift in Sources */,
				E5270B132DCB147F000D12F2 /* FriendManagementCell.swift in Sources */,
				E5270B142DCB147F000D12F2 /* LogoutCell.swift in Sources */,
				E5270B152DCB147F000D12F2 /* SettingTableViewCell.swift in Sources */,
				F9D044542DE5A1A600FC34DC /* PoolCalendarDetailView.swift in Sources */,
				E5270B162DCB147F000D12F2 /* WithdrawalCell.swift in Sources */,
				E54CDB052DEF2DEE00DCD48D /* MyPageDTO.swift in Sources */,
				E5270B172DCB147F000D12F2 /* AccountManagementView.swift in Sources */,
				E5270B182DCB147F000D12F2 /* FriendManagementView.swift in Sources */,
				E5270B192DCB147F000D12F2 /* MyPageView.swift in Sources */,
				E5270B1A2DCB147F000D12F2 /* ScheduleManagementView.swift in Sources */,
				F9D044582DE5A1C300FC34DC /* PoolCalendarDetailViewController.swift in Sources */,
				E5270B1B2DCB147F000D12F2 /* UserAgreementView.swift in Sources */,
				E5270B1C2DCB147F000D12F2 /* AccountManagementViewController.swift in Sources */,
				E512B1DE2DEF721500C509BE /* ScheduleDTO.swift in Sources */,
				E5270B1D2DCB147F000D12F2 /* FriendManagementViewController.swift in Sources */,
				F998A92E2DE3132500DB13D6 /* FindPeopleModel.swift in Sources */,
				E54CDAF92DEEEFF900DCD48D /* STTRecordModel.swift in Sources */,
				E5270B1E2DCB147F000D12F2 /* MyPageViewController.swift in Sources */,
				E5270B442DCB1EA0000D12F2 /* PoolTimeTableViewController.swift in Sources */,
				E5270B1F2DCB147F000D12F2 /* ScheduleManagementViewController.swift in Sources */,
				E5270B202DCB147F000D12F2 /* UserAgreementViewController.swift in Sources */,
				E54CDAEF2DEEE6E300DCD48D /* APIResponse.swift in Sources */,
				E5270B212DCB147F000D12F2 /* SignInView.swift in Sources */,
				E5270B222DCB147F000D12F2 /* SignUpView.swift in Sources */,
				E5270B232DCB147F000D12F2 /* SignInViewController.swift in Sources */,
				E5270B242DCB147F000D12F2 /* SignUpViewController.swift in Sources */,
				F9D044562DE5A1BF00FC34DC /* PoolCalendarView.swift in Sources */,
				E5270B252DCB147F000D12F2 /* TimeTableView.swift in Sources */,
				E5270B262DCB147F000D12F2 /* TimeTableViewController.swift in Sources */,
				F9D0447D2DE5AAEC00FC34DC /* PoolProceedingDetailView.swift in Sources */,
				E5D2FFFA2DF73B4E00586C28 /* SummaryAPI.swift in Sources */,
				E5270B272DCB147F000D12F2 /* PoolViewController.swift in Sources */,
				E5270B282DCB147F000D12F2 /* LectureModel.swift in Sources */,
				E5270B292DCB147F000D12F2 /* StudentModel.swift in Sources */,
				E5270B2A2DCB147F000D12F2 /* UsaintLogInView.swift in Sources */,
				E5270B722DCB2694000D12F2 /* PoolAvailableTimeView.swift in Sources */,
				E5270B2B2DCB147F000D12F2 /* UsaintLogInViewController.swift in Sources */,
				F9D0445A2DE5A1C800FC34DC /* PoolCalendarViewController.swift in Sources */,
				E5D2FFFC2DF73B5800586C28 /* SummaryDTO.swift in Sources */,
				E5270B2C2DCB147F000D12F2 /* UIColor+.swift in Sources */,
				E54CDB012DEF191D00DCD48D /* FriendsDTO.swift in Sources */,
				E5270B2D2DCB147F000D12F2 /* UIView+.swift in Sources */,
				E5270B2E2DCB147F000D12F2 /* UIWindow+.swift in Sources */,
				E5270B2F2DCB147F000D12F2 /* BaseAlertViewController.swift in Sources */,
				F9D0445D2DE5A2B400FC34DC /* PoolCalendarModel.swift in Sources */,
				E5270B302DCB147F000D12F2 /* BaseEmptyButton.swift in Sources */,
				E5270B312DCB147F000D12F2 /* BaseFillButton.swift in Sources */,
				E5270B322DCB147F000D12F2 /* BaseTabBarController.swift in Sources */,
				E5270B3D2DCB14BD000D12F2 /* TopTabBar.swift in Sources */,
				E5D200002DF73C9E00586C28 /* AppConfig.swift in Sources */,
				F97358C22DE99F59005775F6 /* PoolProceedingRecordView.swift in Sources */,
				F9D044782DE5A99C00FC34DC /* PoolProceedingModel.swift in Sources */,
				E512B1D82DEF60E500C509BE /* PoolDTO.swift in Sources */,
				E5270B332DCB147F000D12F2 /* BaseTableViewCell.swift in Sources */,
				E5270B702DCB267E000D12F2 /* PoolAvailableTimeViewController.swift in Sources */,
				E5270B342DCB147F000D12F2 /* BaseTextField.swift in Sources */,
				E54CDAFD2DEF083100DCD48D /* MyPageAPI.swift in Sources */,
				E5270B352DCB147F000D12F2 /* BaseUIView.swift in Sources */,
				E5270B362DCB147F000D12F2 /* BaseUIViewController.swift in Sources */,
				E54CDAFB2DEEF01200DCD48D /* SpeechRecognizerManager.swift in Sources */,
				E5270B372DCB147F000D12F2 /* ImageLiterals.swift in Sources */,
			);
			runOnlyForDeploymentPostprocessing = 0;
		};
/* End PBXSourcesBuildPhase section */

/* Begin PBXVariantGroup section */
		E5270AF92DCB147F000D12F2 /* LaunchScreen.storyboard */ = {
			isa = PBXVariantGroup;
			children = (
				E5270AF82DCB147F000D12F2 /* Base */,
			);
			name = LaunchScreen.storyboard;
			sourceTree = "<group>";
		};
/* End PBXVariantGroup section */

/* Begin XCBuildConfiguration section */
		E52A16D82D93186300ABD739 /* Debug */ = {
			isa = XCBuildConfiguration;
			buildSettings = {
				ASSETCATALOG_COMPILER_APPICON_NAME = AppIcon;
				ASSETCATALOG_COMPILER_GLOBAL_ACCENT_COLOR_NAME = AccentColor;
				CODE_SIGN_STYLE = Automatic;
				CURRENT_PROJECT_VERSION = 1;
				DEVELOPMENT_TEAM = C9XX799UJH;
				GENERATE_INFOPLIST_FILE = YES;
				INFOPLIST_FILE = TeamPool/Info.plist;
				INFOPLIST_KEY_NSMicrophoneUsageDescription = TeamPool;
				INFOPLIST_KEY_NSSpeechRecognitionUsageDescription = test;
				INFOPLIST_KEY_UIApplicationSupportsIndirectInputEvents = YES;
				INFOPLIST_KEY_UILaunchStoryboardName = LaunchScreen;
				INFOPLIST_KEY_UISupportedInterfaceOrientations_iPad = "UIInterfaceOrientationPortrait UIInterfaceOrientationPortraitUpsideDown UIInterfaceOrientationLandscapeLeft UIInterfaceOrientationLandscapeRight";
				INFOPLIST_KEY_UISupportedInterfaceOrientations_iPhone = "UIInterfaceOrientationPortrait UIInterfaceOrientationLandscapeLeft UIInterfaceOrientationLandscapeRight";
				IPHONEOS_DEPLOYMENT_TARGET = 17.1;
				LD_RUNPATH_SEARCH_PATHS = (
					"$(inherited)",
					"@executable_path/Frameworks",
				);
				MARKETING_VERSION = 1.0;
				PRODUCT_BUNDLE_IDENTIFIER = Rx.TeamPool;
				PRODUCT_NAME = "$(TARGET_NAME)";
				SWIFT_EMIT_LOC_STRINGS = YES;
				SWIFT_VERSION = 5.0;
				TARGETED_DEVICE_FAMILY = "1,2";
			};
			name = Debug;
		};
		E52A16D92D93186300ABD739 /* Release */ = {
			isa = XCBuildConfiguration;
			buildSettings = {
				ASSETCATALOG_COMPILER_APPICON_NAME = AppIcon;
				ASSETCATALOG_COMPILER_GLOBAL_ACCENT_COLOR_NAME = AccentColor;
				CODE_SIGN_STYLE = Automatic;
				CURRENT_PROJECT_VERSION = 1;
				DEVELOPMENT_TEAM = C9XX799UJH;
				GENERATE_INFOPLIST_FILE = YES;
				INFOPLIST_FILE = TeamPool/Info.plist;
				INFOPLIST_KEY_NSMicrophoneUsageDescription = TeamPool;
				INFOPLIST_KEY_NSSpeechRecognitionUsageDescription = test;
				INFOPLIST_KEY_UIApplicationSupportsIndirectInputEvents = YES;
				INFOPLIST_KEY_UILaunchStoryboardName = LaunchScreen;
				INFOPLIST_KEY_UISupportedInterfaceOrientations_iPad = "UIInterfaceOrientationPortrait UIInterfaceOrientationPortraitUpsideDown UIInterfaceOrientationLandscapeLeft UIInterfaceOrientationLandscapeRight";
				INFOPLIST_KEY_UISupportedInterfaceOrientations_iPhone = "UIInterfaceOrientationPortrait UIInterfaceOrientationLandscapeLeft UIInterfaceOrientationLandscapeRight";
				IPHONEOS_DEPLOYMENT_TARGET = 17.1;
				LD_RUNPATH_SEARCH_PATHS = (
					"$(inherited)",
					"@executable_path/Frameworks",
				);
				MARKETING_VERSION = 1.0;
				PRODUCT_BUNDLE_IDENTIFIER = Rx.TeamPool;
				PRODUCT_NAME = "$(TARGET_NAME)";
				SWIFT_EMIT_LOC_STRINGS = YES;
				SWIFT_VERSION = 5.0;
				TARGETED_DEVICE_FAMILY = "1,2";
			};
			name = Release;
		};
		E52A16DA2D93186300ABD739 /* Debug */ = {
			isa = XCBuildConfiguration;
			baseConfigurationReference = E5D2FFFD2DF73BE100586C28 /* Config.xcconfig */;
			buildSettings = {
				ALWAYS_SEARCH_USER_PATHS = NO;
				ASSETCATALOG_COMPILER_GENERATE_SWIFT_ASSET_SYMBOL_EXTENSIONS = YES;
				CLANG_ANALYZER_NONNULL = YES;
				CLANG_ANALYZER_NUMBER_OBJECT_CONVERSION = YES_AGGRESSIVE;
				CLANG_CXX_LANGUAGE_STANDARD = "gnu++20";
				CLANG_ENABLE_MODULES = YES;
				CLANG_ENABLE_OBJC_ARC = YES;
				CLANG_ENABLE_OBJC_WEAK = YES;
				CLANG_WARN_BLOCK_CAPTURE_AUTORELEASING = YES;
				CLANG_WARN_BOOL_CONVERSION = YES;
				CLANG_WARN_COMMA = YES;
				CLANG_WARN_CONSTANT_CONVERSION = YES;
				CLANG_WARN_DEPRECATED_OBJC_IMPLEMENTATIONS = YES;
				CLANG_WARN_DIRECT_OBJC_ISA_USAGE = YES_ERROR;
				CLANG_WARN_DOCUMENTATION_COMMENTS = YES;
				CLANG_WARN_EMPTY_BODY = YES;
				CLANG_WARN_ENUM_CONVERSION = YES;
				CLANG_WARN_INFINITE_RECURSION = YES;
				CLANG_WARN_INT_CONVERSION = YES;
				CLANG_WARN_NON_LITERAL_NULL_CONVERSION = YES;
				CLANG_WARN_OBJC_IMPLICIT_RETAIN_SELF = YES;
				CLANG_WARN_OBJC_LITERAL_CONVERSION = YES;
				CLANG_WARN_OBJC_ROOT_CLASS = YES_ERROR;
				CLANG_WARN_QUOTED_INCLUDE_IN_FRAMEWORK_HEADER = YES;
				CLANG_WARN_RANGE_LOOP_ANALYSIS = YES;
				CLANG_WARN_STRICT_PROTOTYPES = YES;
				CLANG_WARN_SUSPICIOUS_MOVE = YES;
				CLANG_WARN_UNGUARDED_AVAILABILITY = YES_AGGRESSIVE;
				CLANG_WARN_UNREACHABLE_CODE = YES;
				CLANG_WARN__DUPLICATE_METHOD_MATCH = YES;
				COPY_PHASE_STRIP = NO;
				DEBUG_INFORMATION_FORMAT = dwarf;
				ENABLE_STRICT_OBJC_MSGSEND = YES;
				ENABLE_TESTABILITY = YES;
				ENABLE_USER_SCRIPT_SANDBOXING = YES;
				GCC_C_LANGUAGE_STANDARD = gnu17;
				GCC_DYNAMIC_NO_PIC = NO;
				GCC_NO_COMMON_BLOCKS = YES;
				GCC_OPTIMIZATION_LEVEL = 0;
				GCC_PREPROCESSOR_DEFINITIONS = (
					"DEBUG=1",
					"$(inherited)",
				);
				GCC_WARN_64_TO_32_BIT_CONVERSION = YES;
				GCC_WARN_ABOUT_RETURN_TYPE = YES_ERROR;
				GCC_WARN_UNDECLARED_SELECTOR = YES;
				GCC_WARN_UNINITIALIZED_AUTOS = YES_AGGRESSIVE;
				GCC_WARN_UNUSED_FUNCTION = YES;
				GCC_WARN_UNUSED_VARIABLE = YES;
				IPHONEOS_DEPLOYMENT_TARGET = 18.2;
				LOCALIZATION_PREFERS_STRING_CATALOGS = YES;
				MTL_ENABLE_DEBUG_INFO = INCLUDE_SOURCE;
				MTL_FAST_MATH = YES;
				ONLY_ACTIVE_ARCH = YES;
				SDKROOT = iphoneos;
				SWIFT_ACTIVE_COMPILATION_CONDITIONS = "DEBUG $(inherited)";
				SWIFT_OPTIMIZATION_LEVEL = "-Onone";
			};
			name = Debug;
		};
		E52A16DB2D93186300ABD739 /* Release */ = {
			isa = XCBuildConfiguration;
			baseConfigurationReference = E5D2FFFD2DF73BE100586C28 /* Config.xcconfig */;
			buildSettings = {
				ALWAYS_SEARCH_USER_PATHS = NO;
				ASSETCATALOG_COMPILER_GENERATE_SWIFT_ASSET_SYMBOL_EXTENSIONS = YES;
				CLANG_ANALYZER_NONNULL = YES;
				CLANG_ANALYZER_NUMBER_OBJECT_CONVERSION = YES_AGGRESSIVE;
				CLANG_CXX_LANGUAGE_STANDARD = "gnu++20";
				CLANG_ENABLE_MODULES = YES;
				CLANG_ENABLE_OBJC_ARC = YES;
				CLANG_ENABLE_OBJC_WEAK = YES;
				CLANG_WARN_BLOCK_CAPTURE_AUTORELEASING = YES;
				CLANG_WARN_BOOL_CONVERSION = YES;
				CLANG_WARN_COMMA = YES;
				CLANG_WARN_CONSTANT_CONVERSION = YES;
				CLANG_WARN_DEPRECATED_OBJC_IMPLEMENTATIONS = YES;
				CLANG_WARN_DIRECT_OBJC_ISA_USAGE = YES_ERROR;
				CLANG_WARN_DOCUMENTATION_COMMENTS = YES;
				CLANG_WARN_EMPTY_BODY = YES;
				CLANG_WARN_ENUM_CONVERSION = YES;
				CLANG_WARN_INFINITE_RECURSION = YES;
				CLANG_WARN_INT_CONVERSION = YES;
				CLANG_WARN_NON_LITERAL_NULL_CONVERSION = YES;
				CLANG_WARN_OBJC_IMPLICIT_RETAIN_SELF = YES;
				CLANG_WARN_OBJC_LITERAL_CONVERSION = YES;
				CLANG_WARN_OBJC_ROOT_CLASS = YES_ERROR;
				CLANG_WARN_QUOTED_INCLUDE_IN_FRAMEWORK_HEADER = YES;
				CLANG_WARN_RANGE_LOOP_ANALYSIS = YES;
				CLANG_WARN_STRICT_PROTOTYPES = YES;
				CLANG_WARN_SUSPICIOUS_MOVE = YES;
				CLANG_WARN_UNGUARDED_AVAILABILITY = YES_AGGRESSIVE;
				CLANG_WARN_UNREACHABLE_CODE = YES;
				CLANG_WARN__DUPLICATE_METHOD_MATCH = YES;
				COPY_PHASE_STRIP = NO;
				DEBUG_INFORMATION_FORMAT = "dwarf-with-dsym";
				ENABLE_NS_ASSERTIONS = NO;
				ENABLE_STRICT_OBJC_MSGSEND = YES;
				ENABLE_USER_SCRIPT_SANDBOXING = YES;
				GCC_C_LANGUAGE_STANDARD = gnu17;
				GCC_NO_COMMON_BLOCKS = YES;
				GCC_WARN_64_TO_32_BIT_CONVERSION = YES;
				GCC_WARN_ABOUT_RETURN_TYPE = YES_ERROR;
				GCC_WARN_UNDECLARED_SELECTOR = YES;
				GCC_WARN_UNINITIALIZED_AUTOS = YES_AGGRESSIVE;
				GCC_WARN_UNUSED_FUNCTION = YES;
				GCC_WARN_UNUSED_VARIABLE = YES;
				IPHONEOS_DEPLOYMENT_TARGET = 18.2;
				LOCALIZATION_PREFERS_STRING_CATALOGS = YES;
				MTL_ENABLE_DEBUG_INFO = NO;
				MTL_FAST_MATH = YES;
				SDKROOT = iphoneos;
				SWIFT_COMPILATION_MODE = wholemodule;
				VALIDATE_PRODUCT = YES;
			};
			name = Release;
		};
/* End XCBuildConfiguration section */

/* Begin XCConfigurationList section */
		E52A16BF2D93186100ABD739 /* Build configuration list for PBXProject "TeamPool" */ = {
			isa = XCConfigurationList;
			buildConfigurations = (
				E52A16DA2D93186300ABD739 /* Debug */,
				E52A16DB2D93186300ABD739 /* Release */,
			);
			defaultConfigurationIsVisible = 0;
			defaultConfigurationName = Release;
		};
		E52A16D72D93186300ABD739 /* Build configuration list for PBXNativeTarget "TeamPool" */ = {
			isa = XCConfigurationList;
			buildConfigurations = (
				E52A16D82D93186300ABD739 /* Debug */,
				E52A16D92D93186300ABD739 /* Release */,
			);
			defaultConfigurationIsVisible = 0;
			defaultConfigurationName = Release;
		};
/* End XCConfigurationList section */

/* Begin XCRemoteSwiftPackageReference section */
		E5270B3E2DCB14EE000D12F2 /* XCRemoteSwiftPackageReference "Then" */ = {
			isa = XCRemoteSwiftPackageReference;
			repositoryURL = "https://github.com/devxoul/Then";
			requirement = {
				kind = upToNextMajorVersion;
				minimumVersion = 3.0.0;
			};
		};
		E55D9C332DE1084E000FD099 /* XCRemoteSwiftPackageReference "Moya" */ = {
			isa = XCRemoteSwiftPackageReference;
			repositoryURL = "https://github.com/Moya/Moya";
			requirement = {
				kind = upToNextMajorVersion;
				minimumVersion = 15.0.3;
			};
		};
		E5DFEFF22D9B92CF00EEE36A /* XCRemoteSwiftPackageReference "SnapKit" */ = {
			isa = XCRemoteSwiftPackageReference;
			repositoryURL = "https://github.com/SnapKit/SnapKit";
			requirement = {
				kind = upToNextMajorVersion;
				minimumVersion = 5.7.1;
			};
		};
		E5DFF2B72D9C45E400EEE36A /* XCRemoteSwiftPackageReference "rusaint-ios" */ = {
			isa = XCRemoteSwiftPackageReference;
			repositoryURL = "https://github.com/EATSTEAK/rusaint-ios";
			requirement = {
				branch = main;
				kind = branch;
			};
		};
		E5DFF3772D9C866100EEE36A /* XCRemoteSwiftPackageReference "FSCalendar" */ = {
			isa = XCRemoteSwiftPackageReference;
			repositoryURL = "https://github.com/WenchaoD/FSCalendar";
			requirement = {
				kind = upToNextMajorVersion;
				minimumVersion = 2.8.4;
			};
		};
		E5DFF3942D9D18AF00EEE36A /* XCRemoteSwiftPackageReference "Univ_TimeTable" */ = {
			isa = XCRemoteSwiftPackageReference;
			repositoryURL = "https://github.com/hye0njuoo/Univ_TimeTable";
			requirement = {
				branch = main;
				kind = branch;
			};
		};
/* End XCRemoteSwiftPackageReference section */

/* Begin XCSwiftPackageProductDependency section */
		E5270B3F2DCB14EE000D12F2 /* Then */ = {
			isa = XCSwiftPackageProductDependency;
			package = E5270B3E2DCB14EE000D12F2 /* XCRemoteSwiftPackageReference "Then" */;
			productName = Then;
		};
		E55D9C342DE1084E000FD099 /* Moya */ = {
			isa = XCSwiftPackageProductDependency;
			package = E55D9C332DE1084E000FD099 /* XCRemoteSwiftPackageReference "Moya" */;
			productName = Moya;
		};
		E5DFEFF32D9B92CF00EEE36A /* SnapKit */ = {
			isa = XCSwiftPackageProductDependency;
			package = E5DFEFF22D9B92CF00EEE36A /* XCRemoteSwiftPackageReference "SnapKit" */;
			productName = SnapKit;
		};
		E5DFF2B82D9C45E400EEE36A /* Rusaint */ = {
			isa = XCSwiftPackageProductDependency;
			package = E5DFF2B72D9C45E400EEE36A /* XCRemoteSwiftPackageReference "rusaint-ios" */;
			productName = Rusaint;
		};
		E5DFF3782D9C866100EEE36A /* FSCalendar */ = {
			isa = XCSwiftPackageProductDependency;
			package = E5DFF3772D9C866100EEE36A /* XCRemoteSwiftPackageReference "FSCalendar" */;
			productName = FSCalendar;
		};
		E5DFF3952D9D18AF00EEE36A /* Univ_TimeTable */ = {
			isa = XCSwiftPackageProductDependency;
			package = E5DFF3942D9D18AF00EEE36A /* XCRemoteSwiftPackageReference "Univ_TimeTable" */;
			productName = Univ_TimeTable;
		};
/* End XCSwiftPackageProductDependency section */
	};
	rootObject = E52A16BC2D93186100ABD739 /* Project object */;
}
